// !$*UTF8*$!
{
	archiveVersion = 1;
	classes = {
	};
	objectVersion = 51;
	objects = {

/* Begin PBXBuildFile section */
		7650E76BA0E1262DF4F77CDA /* libPods-BDD.a in Frameworks */ = {isa = PBXBuildFile; fileRef = C022048FD5FD74467CA7EEC5 /* libPods-BDD.a */; };
		D0130A7D2462C9B700D79B7F /* UIButton+BDDTouchArea.m in Sources */ = {isa = PBXBuildFile; fileRef = D0130A4E2462C9B600D79B7F /* UIButton+BDDTouchArea.m */; };
		D0130A7E2462C9B700D79B7F /* UIImage+WLCompress.m in Sources */ = {isa = PBXBuildFile; fileRef = D0130A4F2462C9B600D79B7F /* UIImage+WLCompress.m */; };
		D0130A7F2462C9B700D79B7F /* UIView+Geometry.m in Sources */ = {isa = PBXBuildFile; fileRef = D0130A502462C9B600D79B7F /* UIView+Geometry.m */; };
		D0130A802462C9B700D79B7F /* UIButton+HQCustomIcon.m in Sources */ = {isa = PBXBuildFile; fileRef = D0130A522462C9B600D79B7F /* UIButton+HQCustomIcon.m */; };
		D0130A812462C9B700D79B7F /* UILabel+BDDCopy.m in Sources */ = {isa = PBXBuildFile; fileRef = D0130A532462C9B600D79B7F /* UILabel+BDDCopy.m */; };
		D0130A822462C9B700D79B7F /* UIColor+BDDCategory.m in Sources */ = {isa = PBXBuildFile; fileRef = D0130A542462C9B600D79B7F /* UIColor+BDDCategory.m */; };
		D0130A832462C9B700D79B7F /* NSDate+Utils.m in Sources */ = {isa = PBXBuildFile; fileRef = D0130A5A2462C9B600D79B7F /* NSDate+Utils.m */; };
		D0130A842462C9B700D79B7F /* UIImageView+BDDWebCache.m in Sources */ = {isa = PBXBuildFile; fileRef = D0130A5B2462C9B600D79B7F /* UIImageView+BDDWebCache.m */; };
		D0130A852462C9B700D79B7F /* BDDHttpTool.m in Sources */ = {isa = PBXBuildFile; fileRef = D0130A5F2462C9B600D79B7F /* BDDHttpTool.m */; };
		D0130A862462C9B700D79B7F /* BDDServerPort.m in Sources */ = {isa = PBXBuildFile; fileRef = D0130A602462C9B600D79B7F /* BDDServerPort.m */; };
		D0130A872462C9B700D79B7F /* BDDConstant.m in Sources */ = {isa = PBXBuildFile; fileRef = D0130A652462C9B600D79B7F /* BDDConstant.m */; };
		D0130A882462C9B700D79B7F /* BDDPayShareInstance.m in Sources */ = {isa = PBXBuildFile; fileRef = D0130A682462C9B600D79B7F /* BDDPayShareInstance.m */; };
		D0130A892462C9B700D79B7F /* BDDBaseViewController.m in Sources */ = {isa = PBXBuildFile; fileRef = D0130A6B2462C9B600D79B7F /* BDDBaseViewController.m */; };
		D0130A8A2462C9B700D79B7F /* BDDBaseTabBarController.m in Sources */ = {isa = PBXBuildFile; fileRef = D0130A6C2462C9B600D79B7F /* BDDBaseTabBarController.m */; };
		D0130A8B2462C9B700D79B7F /* BDDBaseNavigationController.m in Sources */ = {isa = PBXBuildFile; fileRef = D0130A6D2462C9B600D79B7F /* BDDBaseNavigationController.m */; };
		D0130A8C2462C9B700D79B7F /* BDDHUD.m in Sources */ = {isa = PBXBuildFile; fileRef = D0130A722462C9B600D79B7F /* BDDHUD.m */; };
		D0130A8D2462C9B700D79B7F /* BDDTool.m in Sources */ = {isa = PBXBuildFile; fileRef = D0130A742462C9B700D79B7F /* BDDTool.m */; };
		D0130A8E2462C9B700D79B7F /* BDDLinkTool.m in Sources */ = {isa = PBXBuildFile; fileRef = D0130A762462C9B700D79B7F /* BDDLinkTool.m */; };
		D0130A8F2462C9B700D79B7F /* UIViewController+MBPHUD.m in Sources */ = {isa = PBXBuildFile; fileRef = D0130A7B2462C9B700D79B7F /* UIViewController+MBPHUD.m */; };
		D0130A902462C9B700D79B7F /* UIView+MBPHUD.m in Sources */ = {isa = PBXBuildFile; fileRef = D0130A7C2462C9B700D79B7F /* UIView+MBPHUD.m */; };
		D0130AA72462D47900D79B7F /* BDDHomeViewController.m in Sources */ = {isa = PBXBuildFile; fileRef = D0130A962462D47900D79B7F /* BDDHomeViewController.m */; };
		D0130AAF2462D6D800D79B7F /* BDDClassifyViewController.m in Sources */ = {isa = PBXBuildFile; fileRef = D0130AAE2462D6D800D79B7F /* BDDClassifyViewController.m */; };
		D0130AB22462D79900D79B7F /* BDDMeViewController.m in Sources */ = {isa = PBXBuildFile; fileRef = D0130AB12462D79900D79B7F /* BDDMeViewController.m */; };
		D0130AB52462D7D700D79B7F /* BDDCircleViewController.m in Sources */ = {isa = PBXBuildFile; fileRef = D0130AB42462D7D700D79B7F /* BDDCircleViewController.m */; };
		D0130ABC2462DBB900D79B7F /* AppDelegate+BDDADLaunch.m in Sources */ = {isa = PBXBuildFile; fileRef = D0130ABB2462DBB900D79B7F /* AppDelegate+BDDADLaunch.m */; };
		D0130AC02462DC9A00D79B7F /* BDDLoginRegisterViewController.m in Sources */ = {isa = PBXBuildFile; fileRef = D0130ABE2462DC9A00D79B7F /* BDDLoginRegisterViewController.m */; };
		D0130AC12462DC9A00D79B7F /* BDDLoginRegisterViewController.xib in Resources */ = {isa = PBXBuildFile; fileRef = D0130ABF2462DC9A00D79B7F /* BDDLoginRegisterViewController.xib */; };
		D0130AF02462DF5200D79B7F /* BDDMGetDevInfoUtil.m in Sources */ = {isa = PBXBuildFile; fileRef = D0130AD62462DF5200D79B7F /* BDDMGetDevInfoUtil.m */; };
		D0130AF12462DF5200D79B7F /* LBXPermissionMicrophone.m in Sources */ = {isa = PBXBuildFile; fileRef = D0130AD82462DF5200D79B7F /* LBXPermissionMicrophone.m */; };
		D0130AF22462DF5200D79B7F /* LBXPermissionNetwork.m in Sources */ = {isa = PBXBuildFile; fileRef = D0130AD92462DF5200D79B7F /* LBXPermissionNetwork.m */; };
		D0130AF32462DF5200D79B7F /* LBXPermissionCalendar.m in Sources */ = {isa = PBXBuildFile; fileRef = D0130ADA2462DF5200D79B7F /* LBXPermissionCalendar.m */; };
		D0130AF42462DF5200D79B7F /* LBXPermissionReminders.m in Sources */ = {isa = PBXBuildFile; fileRef = D0130ADF2462DF5200D79B7F /* LBXPermissionReminders.m */; };
		D0130AF52462DF5200D79B7F /* LBXPermissionHealth.m in Sources */ = {isa = PBXBuildFile; fileRef = D0130AE02462DF5200D79B7F /* LBXPermissionHealth.m */; };
		D0130AF62462DF5200D79B7F /* LBXPermissionMedia.m in Sources */ = {isa = PBXBuildFile; fileRef = D0130AE12462DF5200D79B7F /* LBXPermissionMedia.m */; };
		D0130AF72462DF5200D79B7F /* LBXPermissionSetting.m in Sources */ = {isa = PBXBuildFile; fileRef = D0130AE22462DF5200D79B7F /* LBXPermissionSetting.m */; };
		D0130AF82462DF5200D79B7F /* LBXPermissionPhotos.m in Sources */ = {isa = PBXBuildFile; fileRef = D0130AE32462DF5200D79B7F /* LBXPermissionPhotos.m */; };
		D0130AF92462DF5200D79B7F /* LBXPermissionLocation.m in Sources */ = {isa = PBXBuildFile; fileRef = D0130AE72462DF5200D79B7F /* LBXPermissionLocation.m */; };
		D0130AFA2462DF5200D79B7F /* LBXPermissionContacts.m in Sources */ = {isa = PBXBuildFile; fileRef = D0130AE82462DF5200D79B7F /* LBXPermissionContacts.m */; };
		D0130AFB2462DF5200D79B7F /* LBXPermissionCamera.m in Sources */ = {isa = PBXBuildFile; fileRef = D0130AE92462DF5200D79B7F /* LBXPermissionCamera.m */; };
		D0130AFC2462DF5200D79B7F /* LBXPermission.m in Sources */ = {isa = PBXBuildFile; fileRef = D0130AEA2462DF5200D79B7F /* LBXPermission.m */; };
		D0130B082462DFBC00D79B7F /* QRCodeView.m in Sources */ = {isa = PBXBuildFile; fileRef = D0130AFF2462DFBC00D79B7F /* QRCodeView.m */; };
		D0130B092462DFBC00D79B7F /* DIYScanViewController.m in Sources */ = {isa = PBXBuildFile; fileRef = D0130B012462DFBC00D79B7F /* DIYScanViewController.m */; };
		D0130B0A2462DFBC00D79B7F /* MyQRCodeAlertView.m in Sources */ = {isa = PBXBuildFile; fileRef = D0130B022462DFBC00D79B7F /* MyQRCodeAlertView.m */; };
		D0130B0B2462DFBC00D79B7F /* BDDWebViewController.m in Sources */ = {isa = PBXBuildFile; fileRef = D0130B062462DFBC00D79B7F /* BDDWebViewController.m */; };
		D0130B1124631ADA00D79B7F /* BDDInviteCodeAlertView.m in Sources */ = {isa = PBXBuildFile; fileRef = D0130B1024631ADA00D79B7F /* BDDInviteCodeAlertView.m */; };
		D0130B1324631AFD00D79B7F /* BDDInviteCodeAlertView.xib in Resources */ = {isa = PBXBuildFile; fileRef = D0130B1224631AFD00D79B7F /* BDDInviteCodeAlertView.xib */; };
		D0198FB024646DB70001F073 /* BDDTodaySelectionCell.m in Sources */ = {isa = PBXBuildFile; fileRef = D0198FAE24646DB70001F073 /* BDDTodaySelectionCell.m */; };
		D0198FB124646DB70001F073 /* BDDTodaySelectionCell.xib in Resources */ = {isa = PBXBuildFile; fileRef = D0198FAF24646DB70001F073 /* BDDTodaySelectionCell.xib */; };
		D0198FB424647C020001F073 /* BDDTopBtbView.m in Sources */ = {isa = PBXBuildFile; fileRef = D0198FB324647C020001F073 /* BDDTopBtbView.m */; };
		D0198FB624647C120001F073 /* BDDTopBtbView.xib in Resources */ = {isa = PBXBuildFile; fileRef = D0198FB524647C120001F073 /* BDDTopBtbView.xib */; };
		D080FA612464F5F400F76E14 /* BDDSearchViewController.m in Sources */ = {isa = PBXBuildFile; fileRef = D080FA602464F5F400F76E14 /* BDDSearchViewController.m */; };
		D080FA6624651B8C00F76E14 /* UIViewController+BDDBase.m in Sources */ = {isa = PBXBuildFile; fileRef = D080FA6524651B8C00F76E14 /* UIViewController+BDDBase.m */; };
		D080FA6F246551F600F76E14 /* BDDSearchResultsView.m in Sources */ = {isa = PBXBuildFile; fileRef = D080FA6E246551F600F76E14 /* BDDSearchResultsView.m */; };
		D080FA732465538900F76E14 /* BDDSearchResultsCell.m in Sources */ = {isa = PBXBuildFile; fileRef = D080FA712465538900F76E14 /* BDDSearchResultsCell.m */; };
		D080FA742465538900F76E14 /* BDDSearchResultsCell.xib in Resources */ = {isa = PBXBuildFile; fileRef = D080FA722465538900F76E14 /* BDDSearchResultsCell.xib */; };
		D099EF112466841400A2F79C /* BDDEmptyView.m in Sources */ = {isa = PBXBuildFile; fileRef = D099EF102466841400A2F79C /* BDDEmptyView.m */; };
		D099EF152466879C00A2F79C /* BDDNoNetworkViewController.m in Sources */ = {isa = PBXBuildFile; fileRef = D099EF132466879C00A2F79C /* BDDNoNetworkViewController.m */; };
		D099EF162466879C00A2F79C /* BDDNoNetworkViewController.xib in Resources */ = {isa = PBXBuildFile; fileRef = D099EF142466879C00A2F79C /* BDDNoNetworkViewController.xib */; };
		D099EF192466A08900A2F79C /* BDDNoNetWorkHintView.m in Sources */ = {isa = PBXBuildFile; fileRef = D099EF182466A08900A2F79C /* BDDNoNetWorkHintView.m */; };
		D09F35E72462B5DA00459194 /* AppDelegate.m in Sources */ = {isa = PBXBuildFile; fileRef = D09F35E62462B5DA00459194 /* AppDelegate.m */; };
		D09F35ED2462B5DA00459194 /* ViewController.m in Sources */ = {isa = PBXBuildFile; fileRef = D09F35EC2462B5DA00459194 /* ViewController.m */; };
		D09F35F02462B5DA00459194 /* Main.storyboard in Resources */ = {isa = PBXBuildFile; fileRef = D09F35EE2462B5DA00459194 /* Main.storyboard */; };
		D09F35F22462B5DB00459194 /* Assets.xcassets in Resources */ = {isa = PBXBuildFile; fileRef = D09F35F12462B5DB00459194 /* Assets.xcassets */; };
		D09F35F52462B5DB00459194 /* LaunchScreen.storyboard in Resources */ = {isa = PBXBuildFile; fileRef = D09F35F32462B5DB00459194 /* LaunchScreen.storyboard */; };
		D09F35F82462B5DB00459194 /* main.m in Sources */ = {isa = PBXBuildFile; fileRef = D09F35F72462B5DB00459194 /* main.m */; };
		D09F36022462B5DB00459194 /* BDDTests.m in Sources */ = {isa = PBXBuildFile; fileRef = D09F36012462B5DB00459194 /* BDDTests.m */; };
		D09F360D2462B5DB00459194 /* BDDUITests.m in Sources */ = {isa = PBXBuildFile; fileRef = D09F360C2462B5DB00459194 /* BDDUITests.m */; };
		D0BB97A324656F1300FA6B95 /* BDDSearchHistoryView.m in Sources */ = {isa = PBXBuildFile; fileRef = D0BB97A224656F1300FA6B95 /* BDDSearchHistoryView.m */; };
		D0BB97A62465CC2200FA6B95 /* BDDSearchTagView.m in Sources */ = {isa = PBXBuildFile; fileRef = D0BB97A52465CC2200FA6B95 /* BDDSearchTagView.m */; };
		D0BB97A82465CC4900FA6B95 /* BDDSearchTagView.xib in Resources */ = {isa = PBXBuildFile; fileRef = D0BB97A72465CC4900FA6B95 /* BDDSearchTagView.xib */; };
		D0FCAE6F24639EA000E81E4D /* BDDUserAgreementAlertView.m in Sources */ = {isa = PBXBuildFile; fileRef = D0FCAE6E24639EA000E81E4D /* BDDUserAgreementAlertView.m */; };
		D0FCAE7124639FD100E81E4D /* BDDUserAgreementAlertView.xib in Resources */ = {isa = PBXBuildFile; fileRef = D0FCAE7024639FD100E81E4D /* BDDUserAgreementAlertView.xib */; };
		D0FCAE752463EDD800E81E4D /* BDDHomeHeadView.m in Sources */ = {isa = PBXBuildFile; fileRef = D0FCAE742463EDD800E81E4D /* BDDHomeHeadView.m */; };
		D0FCAE7C246406A900E81E4D /* BDDHomeCollectionCell.m in Sources */ = {isa = PBXBuildFile; fileRef = D0FCAE7A246406A900E81E4D /* BDDHomeCollectionCell.m */; };
		D0FCAE7D246406A900E81E4D /* BDDHomeCollectionCell.xib in Resources */ = {isa = PBXBuildFile; fileRef = D0FCAE7B246406A900E81E4D /* BDDHomeCollectionCell.xib */; };
		D0FCAE8424642BA100E81E4D /* BDDTodaySelectionView.m in Sources */ = {isa = PBXBuildFile; fileRef = D0FCAE8324642BA100E81E4D /* BDDTodaySelectionView.m */; };
		D0FCAE8724642CAB00E81E4D /* BDDTopCycleView.m in Sources */ = {isa = PBXBuildFile; fileRef = D0FCAE8624642CAB00E81E4D /* BDDTopCycleView.m */; };
		D0FCAE8B24642E1F00E81E4D /* ADCycleView.m in Sources */ = {isa = PBXBuildFile; fileRef = D0FCAE8924642E1F00E81E4D /* ADCycleView.m */; };
		D0FCAE8F24642F7F00E81E4D /* BDDADModel.m in Sources */ = {isa = PBXBuildFile; fileRef = D0FCAE8E24642F7F00E81E4D /* BDDADModel.m */; };
/* End PBXBuildFile section */

/* Begin PBXContainerItemProxy section */
		D09F35FE2462B5DB00459194 /* PBXContainerItemProxy */ = {
			isa = PBXContainerItemProxy;
			containerPortal = D09F35DA2462B5DA00459194 /* Project object */;
			proxyType = 1;
			remoteGlobalIDString = D09F35E12462B5DA00459194;
			remoteInfo = BDD;
		};
		D09F36092462B5DB00459194 /* PBXContainerItemProxy */ = {
			isa = PBXContainerItemProxy;
			containerPortal = D09F35DA2462B5DA00459194 /* Project object */;
			proxyType = 1;
			remoteGlobalIDString = D09F35E12462B5DA00459194;
			remoteInfo = BDD;
		};
/* End PBXContainerItemProxy section */

/* Begin PBXFileReference section */
		0C08E82EDB2F37BFA92E1017 /* Pods-BDD.release.xcconfig */ = {isa = PBXFileReference; includeInIndex = 1; lastKnownFileType = text.xcconfig; name = "Pods-BDD.release.xcconfig"; path = "Target Support Files/Pods-BDD/Pods-BDD.release.xcconfig"; sourceTree = "<group>"; };
		82C6ABE9798951018EB18ED9 /* Pods-BDD.debug.xcconfig */ = {isa = PBXFileReference; includeInIndex = 1; lastKnownFileType = text.xcconfig; name = "Pods-BDD.debug.xcconfig"; path = "Target Support Files/Pods-BDD/Pods-BDD.debug.xcconfig"; sourceTree = "<group>"; };
		C022048FD5FD74467CA7EEC5 /* libPods-BDD.a */ = {isa = PBXFileReference; explicitFileType = archive.ar; includeInIndex = 0; path = "libPods-BDD.a"; sourceTree = BUILT_PRODUCTS_DIR; };
		D0130A4E2462C9B600D79B7F /* UIButton+BDDTouchArea.m */ = {isa = PBXFileReference; fileEncoding = 4; lastKnownFileType = sourcecode.c.objc; path = "UIButton+BDDTouchArea.m"; sourceTree = "<group>"; };
		D0130A4F2462C9B600D79B7F /* UIImage+WLCompress.m */ = {isa = PBXFileReference; fileEncoding = 4; lastKnownFileType = sourcecode.c.objc; path = "UIImage+WLCompress.m"; sourceTree = "<group>"; };
		D0130A502462C9B600D79B7F /* UIView+Geometry.m */ = {isa = PBXFileReference; fileEncoding = 4; lastKnownFileType = sourcecode.c.objc; path = "UIView+Geometry.m"; sourceTree = "<group>"; };
		D0130A512462C9B600D79B7F /* NSDate+Utils.h */ = {isa = PBXFileReference; fileEncoding = 4; lastKnownFileType = sourcecode.c.h; path = "NSDate+Utils.h"; sourceTree = "<group>"; };
		D0130A522462C9B600D79B7F /* UIButton+HQCustomIcon.m */ = {isa = PBXFileReference; fileEncoding = 4; lastKnownFileType = sourcecode.c.objc; path = "UIButton+HQCustomIcon.m"; sourceTree = "<group>"; };
		D0130A532462C9B600D79B7F /* UILabel+BDDCopy.m */ = {isa = PBXFileReference; fileEncoding = 4; lastKnownFileType = sourcecode.c.objc; path = "UILabel+BDDCopy.m"; sourceTree = "<group>"; };
		D0130A542462C9B600D79B7F /* UIColor+BDDCategory.m */ = {isa = PBXFileReference; fileEncoding = 4; lastKnownFileType = sourcecode.c.objc; path = "UIColor+BDDCategory.m"; sourceTree = "<group>"; };
		D0130A552462C9B600D79B7F /* UIImageView+BDDWebCache.h */ = {isa = PBXFileReference; fileEncoding = 4; lastKnownFileType = sourcecode.c.h; path = "UIImageView+BDDWebCache.h"; sourceTree = "<group>"; };
		D0130A562462C9B600D79B7F /* UIImage+WLCompress.h */ = {isa = PBXFileReference; fileEncoding = 4; lastKnownFileType = sourcecode.c.h; path = "UIImage+WLCompress.h"; sourceTree = "<group>"; };
		D0130A572462C9B600D79B7F /* UIView+Geometry.h */ = {isa = PBXFileReference; fileEncoding = 4; lastKnownFileType = sourcecode.c.h; path = "UIView+Geometry.h"; sourceTree = "<group>"; };
		D0130A582462C9B600D79B7F /* UIButton+BDDTouchArea.h */ = {isa = PBXFileReference; fileEncoding = 4; lastKnownFileType = sourcecode.c.h; path = "UIButton+BDDTouchArea.h"; sourceTree = "<group>"; };
		D0130A592462C9B600D79B7F /* UIButton+HQCustomIcon.h */ = {isa = PBXFileReference; fileEncoding = 4; lastKnownFileType = sourcecode.c.h; path = "UIButton+HQCustomIcon.h"; sourceTree = "<group>"; };
		D0130A5A2462C9B600D79B7F /* NSDate+Utils.m */ = {isa = PBXFileReference; fileEncoding = 4; lastKnownFileType = sourcecode.c.objc; path = "NSDate+Utils.m"; sourceTree = "<group>"; };
		D0130A5B2462C9B600D79B7F /* UIImageView+BDDWebCache.m */ = {isa = PBXFileReference; fileEncoding = 4; lastKnownFileType = sourcecode.c.objc; path = "UIImageView+BDDWebCache.m"; sourceTree = "<group>"; };
		D0130A5C2462C9B600D79B7F /* UIColor+BDDCategory.h */ = {isa = PBXFileReference; fileEncoding = 4; lastKnownFileType = sourcecode.c.h; path = "UIColor+BDDCategory.h"; sourceTree = "<group>"; };
		D0130A5D2462C9B600D79B7F /* UILabel+BDDCopy.h */ = {isa = PBXFileReference; fileEncoding = 4; lastKnownFileType = sourcecode.c.h; path = "UILabel+BDDCopy.h"; sourceTree = "<group>"; };
		D0130A5F2462C9B600D79B7F /* BDDHttpTool.m */ = {isa = PBXFileReference; fileEncoding = 4; lastKnownFileType = sourcecode.c.objc; path = BDDHttpTool.m; sourceTree = "<group>"; };
		D0130A602462C9B600D79B7F /* BDDServerPort.m */ = {isa = PBXFileReference; fileEncoding = 4; lastKnownFileType = sourcecode.c.objc; path = BDDServerPort.m; sourceTree = "<group>"; };
		D0130A612462C9B600D79B7F /* BDDServerPort.h */ = {isa = PBXFileReference; fileEncoding = 4; lastKnownFileType = sourcecode.c.h; path = BDDServerPort.h; sourceTree = "<group>"; };
		D0130A622462C9B600D79B7F /* BDDHttpTool.h */ = {isa = PBXFileReference; fileEncoding = 4; lastKnownFileType = sourcecode.c.h; path = BDDHttpTool.h; sourceTree = "<group>"; };
		D0130A642462C9B600D79B7F /* MacroDefinitionHeader.h */ = {isa = PBXFileReference; fileEncoding = 4; lastKnownFileType = sourcecode.c.h; path = MacroDefinitionHeader.h; sourceTree = "<group>"; };
		D0130A652462C9B600D79B7F /* BDDConstant.m */ = {isa = PBXFileReference; fileEncoding = 4; lastKnownFileType = sourcecode.c.objc; path = BDDConstant.m; sourceTree = "<group>"; };
		D0130A662462C9B600D79B7F /* BDDConstant.h */ = {isa = PBXFileReference; fileEncoding = 4; lastKnownFileType = sourcecode.c.h; path = BDDConstant.h; sourceTree = "<group>"; };
		D0130A682462C9B600D79B7F /* BDDPayShareInstance.m */ = {isa = PBXFileReference; fileEncoding = 4; lastKnownFileType = sourcecode.c.objc; path = BDDPayShareInstance.m; sourceTree = "<group>"; };
		D0130A692462C9B600D79B7F /* BDDPayShareInstance.h */ = {isa = PBXFileReference; fileEncoding = 4; lastKnownFileType = sourcecode.c.h; path = BDDPayShareInstance.h; sourceTree = "<group>"; };
		D0130A6B2462C9B600D79B7F /* BDDBaseViewController.m */ = {isa = PBXFileReference; fileEncoding = 4; lastKnownFileType = sourcecode.c.objc; path = BDDBaseViewController.m; sourceTree = "<group>"; };
		D0130A6C2462C9B600D79B7F /* BDDBaseTabBarController.m */ = {isa = PBXFileReference; fileEncoding = 4; lastKnownFileType = sourcecode.c.objc; path = BDDBaseTabBarController.m; sourceTree = "<group>"; };
		D0130A6D2462C9B600D79B7F /* BDDBaseNavigationController.m */ = {isa = PBXFileReference; fileEncoding = 4; lastKnownFileType = sourcecode.c.objc; path = BDDBaseNavigationController.m; sourceTree = "<group>"; };
		D0130A6E2462C9B600D79B7F /* BDDBaseTabBarController.h */ = {isa = PBXFileReference; fileEncoding = 4; lastKnownFileType = sourcecode.c.h; path = BDDBaseTabBarController.h; sourceTree = "<group>"; };
		D0130A6F2462C9B600D79B7F /* BDDBaseViewController.h */ = {isa = PBXFileReference; fileEncoding = 4; lastKnownFileType = sourcecode.c.h; path = BDDBaseViewController.h; sourceTree = "<group>"; };
		D0130A702462C9B600D79B7F /* BDDBaseNavigationController.h */ = {isa = PBXFileReference; fileEncoding = 4; lastKnownFileType = sourcecode.c.h; path = BDDBaseNavigationController.h; sourceTree = "<group>"; };
		D0130A722462C9B600D79B7F /* BDDHUD.m */ = {isa = PBXFileReference; fileEncoding = 4; lastKnownFileType = sourcecode.c.objc; path = BDDHUD.m; sourceTree = "<group>"; };
		D0130A732462C9B600D79B7F /* BDDLinkTool.h */ = {isa = PBXFileReference; fileEncoding = 4; lastKnownFileType = sourcecode.c.h; path = BDDLinkTool.h; sourceTree = "<group>"; };
		D0130A742462C9B700D79B7F /* BDDTool.m */ = {isa = PBXFileReference; fileEncoding = 4; lastKnownFileType = sourcecode.c.objc; path = BDDTool.m; sourceTree = "<group>"; };
		D0130A752462C9B700D79B7F /* BDDHUD.h */ = {isa = PBXFileReference; fileEncoding = 4; lastKnownFileType = sourcecode.c.h; path = BDDHUD.h; sourceTree = "<group>"; };
		D0130A762462C9B700D79B7F /* BDDLinkTool.m */ = {isa = PBXFileReference; fileEncoding = 4; lastKnownFileType = sourcecode.c.objc; path = BDDLinkTool.m; sourceTree = "<group>"; };
		D0130A772462C9B700D79B7F /* BDDTool.h */ = {isa = PBXFileReference; fileEncoding = 4; lastKnownFileType = sourcecode.c.h; path = BDDTool.h; sourceTree = "<group>"; };
		D0130A792462C9B700D79B7F /* UIViewController+MBPHUD.h */ = {isa = PBXFileReference; fileEncoding = 4; lastKnownFileType = sourcecode.c.h; path = "UIViewController+MBPHUD.h"; sourceTree = "<group>"; };
		D0130A7A2462C9B700D79B7F /* UIView+MBPHUD.h */ = {isa = PBXFileReference; fileEncoding = 4; lastKnownFileType = sourcecode.c.h; path = "UIView+MBPHUD.h"; sourceTree = "<group>"; };
		D0130A7B2462C9B700D79B7F /* UIViewController+MBPHUD.m */ = {isa = PBXFileReference; fileEncoding = 4; lastKnownFileType = sourcecode.c.objc; path = "UIViewController+MBPHUD.m"; sourceTree = "<group>"; };
		D0130A7C2462C9B700D79B7F /* UIView+MBPHUD.m */ = {isa = PBXFileReference; fileEncoding = 4; lastKnownFileType = sourcecode.c.objc; path = "UIView+MBPHUD.m"; sourceTree = "<group>"; };
		D0130A912462CB2F00D79B7F /* PrefixHeader.pch */ = {isa = PBXFileReference; lastKnownFileType = sourcecode.c.h; path = PrefixHeader.pch; sourceTree = "<group>"; };
		D0130A952462D47900D79B7F /* BDDHomeViewController.h */ = {isa = PBXFileReference; fileEncoding = 4; lastKnownFileType = sourcecode.c.h; path = BDDHomeViewController.h; sourceTree = "<group>"; };
		D0130A962462D47900D79B7F /* BDDHomeViewController.m */ = {isa = PBXFileReference; fileEncoding = 4; lastKnownFileType = sourcecode.c.objc; path = BDDHomeViewController.m; sourceTree = "<group>"; };
		D0130AAD2462D6D800D79B7F /* BDDClassifyViewController.h */ = {isa = PBXFileReference; lastKnownFileType = sourcecode.c.h; path = BDDClassifyViewController.h; sourceTree = "<group>"; };
		D0130AAE2462D6D800D79B7F /* BDDClassifyViewController.m */ = {isa = PBXFileReference; lastKnownFileType = sourcecode.c.objc; path = BDDClassifyViewController.m; sourceTree = "<group>"; };
		D0130AB02462D79900D79B7F /* BDDMeViewController.h */ = {isa = PBXFileReference; lastKnownFileType = sourcecode.c.h; path = BDDMeViewController.h; sourceTree = "<group>"; };
		D0130AB12462D79900D79B7F /* BDDMeViewController.m */ = {isa = PBXFileReference; lastKnownFileType = sourcecode.c.objc; path = BDDMeViewController.m; sourceTree = "<group>"; };
		D0130AB32462D7D700D79B7F /* BDDCircleViewController.h */ = {isa = PBXFileReference; lastKnownFileType = sourcecode.c.h; path = BDDCircleViewController.h; sourceTree = "<group>"; };
		D0130AB42462D7D700D79B7F /* BDDCircleViewController.m */ = {isa = PBXFileReference; lastKnownFileType = sourcecode.c.objc; path = BDDCircleViewController.m; sourceTree = "<group>"; };
		D0130ABA2462DBB900D79B7F /* AppDelegate+BDDADLaunch.h */ = {isa = PBXFileReference; lastKnownFileType = sourcecode.c.h; path = "AppDelegate+BDDADLaunch.h"; sourceTree = "<group>"; };
		D0130ABB2462DBB900D79B7F /* AppDelegate+BDDADLaunch.m */ = {isa = PBXFileReference; lastKnownFileType = sourcecode.c.objc; path = "AppDelegate+BDDADLaunch.m"; sourceTree = "<group>"; };
		D0130ABD2462DC9A00D79B7F /* BDDLoginRegisterViewController.h */ = {isa = PBXFileReference; lastKnownFileType = sourcecode.c.h; path = BDDLoginRegisterViewController.h; sourceTree = "<group>"; };
		D0130ABE2462DC9A00D79B7F /* BDDLoginRegisterViewController.m */ = {isa = PBXFileReference; lastKnownFileType = sourcecode.c.objc; path = BDDLoginRegisterViewController.m; sourceTree = "<group>"; };
		D0130ABF2462DC9A00D79B7F /* BDDLoginRegisterViewController.xib */ = {isa = PBXFileReference; lastKnownFileType = file.xib; path = BDDLoginRegisterViewController.xib; sourceTree = "<group>"; };
		D0130AD52462DF5200D79B7F /* BDDMGetDevInfoUtil.h */ = {isa = PBXFileReference; fileEncoding = 4; lastKnownFileType = sourcecode.c.h; path = BDDMGetDevInfoUtil.h; sourceTree = "<group>"; };
		D0130AD62462DF5200D79B7F /* BDDMGetDevInfoUtil.m */ = {isa = PBXFileReference; fileEncoding = 4; lastKnownFileType = sourcecode.c.objc; path = BDDMGetDevInfoUtil.m; sourceTree = "<group>"; };
		D0130AD82462DF5200D79B7F /* LBXPermissionMicrophone.m */ = {isa = PBXFileReference; fileEncoding = 4; lastKnownFileType = sourcecode.c.objc; path = LBXPermissionMicrophone.m; sourceTree = "<group>"; };
		D0130AD92462DF5200D79B7F /* LBXPermissionNetwork.m */ = {isa = PBXFileReference; fileEncoding = 4; lastKnownFileType = sourcecode.c.objc; path = LBXPermissionNetwork.m; sourceTree = "<group>"; };
		D0130ADA2462DF5200D79B7F /* LBXPermissionCalendar.m */ = {isa = PBXFileReference; fileEncoding = 4; lastKnownFileType = sourcecode.c.objc; path = LBXPermissionCalendar.m; sourceTree = "<group>"; };
		D0130ADB2462DF5200D79B7F /* LBXPermissionLocation.h */ = {isa = PBXFileReference; fileEncoding = 4; lastKnownFileType = sourcecode.c.h; path = LBXPermissionLocation.h; sourceTree = "<group>"; };
		D0130ADC2462DF5200D79B7F /* LBXPermission.h */ = {isa = PBXFileReference; fileEncoding = 4; lastKnownFileType = sourcecode.c.h; path = LBXPermission.h; sourceTree = "<group>"; };
		D0130ADD2462DF5200D79B7F /* LBXPermissionCamera.h */ = {isa = PBXFileReference; fileEncoding = 4; lastKnownFileType = sourcecode.c.h; path = LBXPermissionCamera.h; sourceTree = "<group>"; };
		D0130ADE2462DF5200D79B7F /* LBXPermissionContacts.h */ = {isa = PBXFileReference; fileEncoding = 4; lastKnownFileType = sourcecode.c.h; path = LBXPermissionContacts.h; sourceTree = "<group>"; };
		D0130ADF2462DF5200D79B7F /* LBXPermissionReminders.m */ = {isa = PBXFileReference; fileEncoding = 4; lastKnownFileType = sourcecode.c.objc; path = LBXPermissionReminders.m; sourceTree = "<group>"; };
		D0130AE02462DF5200D79B7F /* LBXPermissionHealth.m */ = {isa = PBXFileReference; fileEncoding = 4; lastKnownFileType = sourcecode.c.objc; path = LBXPermissionHealth.m; sourceTree = "<group>"; };
		D0130AE12462DF5200D79B7F /* LBXPermissionMedia.m */ = {isa = PBXFileReference; fileEncoding = 4; lastKnownFileType = sourcecode.c.objc; path = LBXPermissionMedia.m; sourceTree = "<group>"; };
		D0130AE22462DF5200D79B7F /* LBXPermissionSetting.m */ = {isa = PBXFileReference; fileEncoding = 4; lastKnownFileType = sourcecode.c.objc; path = LBXPermissionSetting.m; sourceTree = "<group>"; };
		D0130AE32462DF5200D79B7F /* LBXPermissionPhotos.m */ = {isa = PBXFileReference; fileEncoding = 4; lastKnownFileType = sourcecode.c.objc; path = LBXPermissionPhotos.m; sourceTree = "<group>"; };
		D0130AE42462DF5200D79B7F /* LBXPermissionCalendar.h */ = {isa = PBXFileReference; fileEncoding = 4; lastKnownFileType = sourcecode.c.h; path = LBXPermissionCalendar.h; sourceTree = "<group>"; };
		D0130AE52462DF5200D79B7F /* LBXPermissionNetwork.h */ = {isa = PBXFileReference; fileEncoding = 4; lastKnownFileType = sourcecode.c.h; path = LBXPermissionNetwork.h; sourceTree = "<group>"; };
		D0130AE62462DF5200D79B7F /* LBXPermissionMicrophone.h */ = {isa = PBXFileReference; fileEncoding = 4; lastKnownFileType = sourcecode.c.h; path = LBXPermissionMicrophone.h; sourceTree = "<group>"; };
		D0130AE72462DF5200D79B7F /* LBXPermissionLocation.m */ = {isa = PBXFileReference; fileEncoding = 4; lastKnownFileType = sourcecode.c.objc; path = LBXPermissionLocation.m; sourceTree = "<group>"; };
		D0130AE82462DF5200D79B7F /* LBXPermissionContacts.m */ = {isa = PBXFileReference; fileEncoding = 4; lastKnownFileType = sourcecode.c.objc; path = LBXPermissionContacts.m; sourceTree = "<group>"; };
		D0130AE92462DF5200D79B7F /* LBXPermissionCamera.m */ = {isa = PBXFileReference; fileEncoding = 4; lastKnownFileType = sourcecode.c.objc; path = LBXPermissionCamera.m; sourceTree = "<group>"; };
		D0130AEA2462DF5200D79B7F /* LBXPermission.m */ = {isa = PBXFileReference; fileEncoding = 4; lastKnownFileType = sourcecode.c.objc; path = LBXPermission.m; sourceTree = "<group>"; };
		D0130AEB2462DF5200D79B7F /* LBXPermissionPhotos.h */ = {isa = PBXFileReference; fileEncoding = 4; lastKnownFileType = sourcecode.c.h; path = LBXPermissionPhotos.h; sourceTree = "<group>"; };
		D0130AEC2462DF5200D79B7F /* LBXPermissionSetting.h */ = {isa = PBXFileReference; fileEncoding = 4; lastKnownFileType = sourcecode.c.h; path = LBXPermissionSetting.h; sourceTree = "<group>"; };
		D0130AED2462DF5200D79B7F /* LBXPermissionMedia.h */ = {isa = PBXFileReference; fileEncoding = 4; lastKnownFileType = sourcecode.c.h; path = LBXPermissionMedia.h; sourceTree = "<group>"; };
		D0130AEE2462DF5200D79B7F /* LBXPermissionHealth.h */ = {isa = PBXFileReference; fileEncoding = 4; lastKnownFileType = sourcecode.c.h; path = LBXPermissionHealth.h; sourceTree = "<group>"; };
		D0130AEF2462DF5200D79B7F /* LBXPermissionReminders.h */ = {isa = PBXFileReference; fileEncoding = 4; lastKnownFileType = sourcecode.c.h; path = LBXPermissionReminders.h; sourceTree = "<group>"; };
		D0130AFF2462DFBC00D79B7F /* QRCodeView.m */ = {isa = PBXFileReference; fileEncoding = 4; lastKnownFileType = sourcecode.c.objc; path = QRCodeView.m; sourceTree = "<group>"; };
		D0130B002462DFBC00D79B7F /* MyQRCodeAlertView.h */ = {isa = PBXFileReference; fileEncoding = 4; lastKnownFileType = sourcecode.c.h; path = MyQRCodeAlertView.h; sourceTree = "<group>"; };
		D0130B012462DFBC00D79B7F /* DIYScanViewController.m */ = {isa = PBXFileReference; fileEncoding = 4; lastKnownFileType = sourcecode.c.objc; path = DIYScanViewController.m; sourceTree = "<group>"; };
		D0130B022462DFBC00D79B7F /* MyQRCodeAlertView.m */ = {isa = PBXFileReference; fileEncoding = 4; lastKnownFileType = sourcecode.c.objc; path = MyQRCodeAlertView.m; sourceTree = "<group>"; };
		D0130B032462DFBC00D79B7F /* QRCodeView.h */ = {isa = PBXFileReference; fileEncoding = 4; lastKnownFileType = sourcecode.c.h; path = QRCodeView.h; sourceTree = "<group>"; };
		D0130B042462DFBC00D79B7F /* DIYScanViewController.h */ = {isa = PBXFileReference; fileEncoding = 4; lastKnownFileType = sourcecode.c.h; path = DIYScanViewController.h; sourceTree = "<group>"; };
		D0130B062462DFBC00D79B7F /* BDDWebViewController.m */ = {isa = PBXFileReference; fileEncoding = 4; lastKnownFileType = sourcecode.c.objc; path = BDDWebViewController.m; sourceTree = "<group>"; };
		D0130B072462DFBC00D79B7F /* BDDWebViewController.h */ = {isa = PBXFileReference; fileEncoding = 4; lastKnownFileType = sourcecode.c.h; path = BDDWebViewController.h; sourceTree = "<group>"; };
		D0130B0F24631ADA00D79B7F /* BDDInviteCodeAlertView.h */ = {isa = PBXFileReference; lastKnownFileType = sourcecode.c.h; path = BDDInviteCodeAlertView.h; sourceTree = "<group>"; };
		D0130B1024631ADA00D79B7F /* BDDInviteCodeAlertView.m */ = {isa = PBXFileReference; lastKnownFileType = sourcecode.c.objc; path = BDDInviteCodeAlertView.m; sourceTree = "<group>"; };
		D0130B1224631AFD00D79B7F /* BDDInviteCodeAlertView.xib */ = {isa = PBXFileReference; lastKnownFileType = file.xib; path = BDDInviteCodeAlertView.xib; sourceTree = "<group>"; };
		D0198FAD24646DB70001F073 /* BDDTodaySelectionCell.h */ = {isa = PBXFileReference; lastKnownFileType = sourcecode.c.h; path = BDDTodaySelectionCell.h; sourceTree = "<group>"; };
		D0198FAE24646DB70001F073 /* BDDTodaySelectionCell.m */ = {isa = PBXFileReference; lastKnownFileType = sourcecode.c.objc; path = BDDTodaySelectionCell.m; sourceTree = "<group>"; };
		D0198FAF24646DB70001F073 /* BDDTodaySelectionCell.xib */ = {isa = PBXFileReference; lastKnownFileType = file.xib; path = BDDTodaySelectionCell.xib; sourceTree = "<group>"; };
		D0198FB224647C020001F073 /* BDDTopBtbView.h */ = {isa = PBXFileReference; lastKnownFileType = sourcecode.c.h; path = BDDTopBtbView.h; sourceTree = "<group>"; };
		D0198FB324647C020001F073 /* BDDTopBtbView.m */ = {isa = PBXFileReference; lastKnownFileType = sourcecode.c.objc; path = BDDTopBtbView.m; sourceTree = "<group>"; };
		D0198FB524647C120001F073 /* BDDTopBtbView.xib */ = {isa = PBXFileReference; lastKnownFileType = file.xib; path = BDDTopBtbView.xib; sourceTree = "<group>"; };
		D080FA5F2464F5F400F76E14 /* BDDSearchViewController.h */ = {isa = PBXFileReference; lastKnownFileType = sourcecode.c.h; path = BDDSearchViewController.h; sourceTree = "<group>"; };
		D080FA602464F5F400F76E14 /* BDDSearchViewController.m */ = {isa = PBXFileReference; lastKnownFileType = sourcecode.c.objc; path = BDDSearchViewController.m; sourceTree = "<group>"; };
		D080FA62246501B000F76E14 /* UIViewController+HUD.m */ = {isa = PBXFileReference; lastKnownFileType = sourcecode.c.objc; name = "UIViewController+HUD.m"; path = "../../../../../../Downloads/xiangmu 乔项目/NewWeiCard/NewWeiCard/Classes/Category/UIViewController+HUD.m"; sourceTree = "<group>"; };
		D080FA63246501B000F76E14 /* UIViewController+HUD.h */ = {isa = PBXFileReference; lastKnownFileType = sourcecode.c.h; name = "UIViewController+HUD.h"; path = "../../../../../../Downloads/xiangmu 乔项目/NewWeiCard/NewWeiCard/Classes/Category/UIViewController+HUD.h"; sourceTree = "<group>"; };
		D080FA6424651B8C00F76E14 /* UIViewController+BDDBase.h */ = {isa = PBXFileReference; lastKnownFileType = sourcecode.c.h; path = "UIViewController+BDDBase.h"; sourceTree = "<group>"; };
		D080FA6524651B8C00F76E14 /* UIViewController+BDDBase.m */ = {isa = PBXFileReference; lastKnownFileType = sourcecode.c.objc; path = "UIViewController+BDDBase.m"; sourceTree = "<group>"; };
		D080FA6D246551F600F76E14 /* BDDSearchResultsView.h */ = {isa = PBXFileReference; lastKnownFileType = sourcecode.c.h; path = BDDSearchResultsView.h; sourceTree = "<group>"; };
		D080FA6E246551F600F76E14 /* BDDSearchResultsView.m */ = {isa = PBXFileReference; lastKnownFileType = sourcecode.c.objc; path = BDDSearchResultsView.m; sourceTree = "<group>"; };
		D080FA702465538900F76E14 /* BDDSearchResultsCell.h */ = {isa = PBXFileReference; lastKnownFileType = sourcecode.c.h; path = BDDSearchResultsCell.h; sourceTree = "<group>"; };
		D080FA712465538900F76E14 /* BDDSearchResultsCell.m */ = {isa = PBXFileReference; lastKnownFileType = sourcecode.c.objc; path = BDDSearchResultsCell.m; sourceTree = "<group>"; };
		D080FA722465538900F76E14 /* BDDSearchResultsCell.xib */ = {isa = PBXFileReference; lastKnownFileType = file.xib; path = BDDSearchResultsCell.xib; sourceTree = "<group>"; };
		D099EF0F2466841400A2F79C /* BDDEmptyView.h */ = {isa = PBXFileReference; lastKnownFileType = sourcecode.c.h; path = BDDEmptyView.h; sourceTree = "<group>"; };
		D099EF102466841400A2F79C /* BDDEmptyView.m */ = {isa = PBXFileReference; lastKnownFileType = sourcecode.c.objc; path = BDDEmptyView.m; sourceTree = "<group>"; };
		D099EF122466879C00A2F79C /* BDDNoNetworkViewController.h */ = {isa = PBXFileReference; lastKnownFileType = sourcecode.c.h; path = BDDNoNetworkViewController.h; sourceTree = "<group>"; };
		D099EF132466879C00A2F79C /* BDDNoNetworkViewController.m */ = {isa = PBXFileReference; lastKnownFileType = sourcecode.c.objc; path = BDDNoNetworkViewController.m; sourceTree = "<group>"; };
		D099EF142466879C00A2F79C /* BDDNoNetworkViewController.xib */ = {isa = PBXFileReference; lastKnownFileType = file.xib; path = BDDNoNetworkViewController.xib; sourceTree = "<group>"; };
		D099EF172466A08900A2F79C /* BDDNoNetWorkHintView.h */ = {isa = PBXFileReference; lastKnownFileType = sourcecode.c.h; path = BDDNoNetWorkHintView.h; sourceTree = "<group>"; };
		D099EF182466A08900A2F79C /* BDDNoNetWorkHintView.m */ = {isa = PBXFileReference; lastKnownFileType = sourcecode.c.objc; path = BDDNoNetWorkHintView.m; sourceTree = "<group>"; };
		D09F35E22462B5DA00459194 /* BDD.app */ = {isa = PBXFileReference; explicitFileType = wrapper.application; includeInIndex = 0; path = BDD.app; sourceTree = BUILT_PRODUCTS_DIR; };
		D09F35E52462B5DA00459194 /* AppDelegate.h */ = {isa = PBXFileReference; lastKnownFileType = sourcecode.c.h; path = AppDelegate.h; sourceTree = "<group>"; };
		D09F35E62462B5DA00459194 /* AppDelegate.m */ = {isa = PBXFileReference; lastKnownFileType = sourcecode.c.objc; path = AppDelegate.m; sourceTree = "<group>"; };
		D09F35EB2462B5DA00459194 /* ViewController.h */ = {isa = PBXFileReference; lastKnownFileType = sourcecode.c.h; path = ViewController.h; sourceTree = "<group>"; };
		D09F35EC2462B5DA00459194 /* ViewController.m */ = {isa = PBXFileReference; lastKnownFileType = sourcecode.c.objc; path = ViewController.m; sourceTree = "<group>"; };
		D09F35EF2462B5DA00459194 /* Base */ = {isa = PBXFileReference; lastKnownFileType = file.storyboard; name = Base; path = Base.lproj/Main.storyboard; sourceTree = "<group>"; };
		D09F35F12462B5DB00459194 /* Assets.xcassets */ = {isa = PBXFileReference; lastKnownFileType = folder.assetcatalog; path = Assets.xcassets; sourceTree = "<group>"; };
		D09F35F42462B5DB00459194 /* Base */ = {isa = PBXFileReference; lastKnownFileType = file.storyboard; name = Base; path = Base.lproj/LaunchScreen.storyboard; sourceTree = "<group>"; };
		D09F35F62462B5DB00459194 /* Info.plist */ = {isa = PBXFileReference; lastKnownFileType = text.plist.xml; path = Info.plist; sourceTree = "<group>"; };
		D09F35F72462B5DB00459194 /* main.m */ = {isa = PBXFileReference; lastKnownFileType = sourcecode.c.objc; path = main.m; sourceTree = "<group>"; };
		D09F35FD2462B5DB00459194 /* BDDTests.xctest */ = {isa = PBXFileReference; explicitFileType = wrapper.cfbundle; includeInIndex = 0; path = BDDTests.xctest; sourceTree = BUILT_PRODUCTS_DIR; };
		D09F36012462B5DB00459194 /* BDDTests.m */ = {isa = PBXFileReference; lastKnownFileType = sourcecode.c.objc; path = BDDTests.m; sourceTree = "<group>"; };
		D09F36032462B5DB00459194 /* Info.plist */ = {isa = PBXFileReference; lastKnownFileType = text.plist.xml; path = Info.plist; sourceTree = "<group>"; };
		D09F36082462B5DB00459194 /* BDDUITests.xctest */ = {isa = PBXFileReference; explicitFileType = wrapper.cfbundle; includeInIndex = 0; path = BDDUITests.xctest; sourceTree = BUILT_PRODUCTS_DIR; };
		D09F360C2462B5DB00459194 /* BDDUITests.m */ = {isa = PBXFileReference; lastKnownFileType = sourcecode.c.objc; path = BDDUITests.m; sourceTree = "<group>"; };
		D09F360E2462B5DB00459194 /* Info.plist */ = {isa = PBXFileReference; lastKnownFileType = text.plist.xml; path = Info.plist; sourceTree = "<group>"; };
		D0BB97A124656F1300FA6B95 /* BDDSearchHistoryView.h */ = {isa = PBXFileReference; lastKnownFileType = sourcecode.c.h; path = BDDSearchHistoryView.h; sourceTree = "<group>"; };
		D0BB97A224656F1300FA6B95 /* BDDSearchHistoryView.m */ = {isa = PBXFileReference; lastKnownFileType = sourcecode.c.objc; path = BDDSearchHistoryView.m; sourceTree = "<group>"; };
		D0BB97A42465CC2200FA6B95 /* BDDSearchTagView.h */ = {isa = PBXFileReference; lastKnownFileType = sourcecode.c.h; path = BDDSearchTagView.h; sourceTree = "<group>"; };
		D0BB97A52465CC2200FA6B95 /* BDDSearchTagView.m */ = {isa = PBXFileReference; lastKnownFileType = sourcecode.c.objc; path = BDDSearchTagView.m; sourceTree = "<group>"; };
		D0BB97A72465CC4900FA6B95 /* BDDSearchTagView.xib */ = {isa = PBXFileReference; lastKnownFileType = file.xib; path = BDDSearchTagView.xib; sourceTree = "<group>"; };
		D0FCAE6D24639EA000E81E4D /* BDDUserAgreementAlertView.h */ = {isa = PBXFileReference; lastKnownFileType = sourcecode.c.h; path = BDDUserAgreementAlertView.h; sourceTree = "<group>"; };
		D0FCAE6E24639EA000E81E4D /* BDDUserAgreementAlertView.m */ = {isa = PBXFileReference; lastKnownFileType = sourcecode.c.objc; path = BDDUserAgreementAlertView.m; sourceTree = "<group>"; };
		D0FCAE7024639FD100E81E4D /* BDDUserAgreementAlertView.xib */ = {isa = PBXFileReference; lastKnownFileType = file.xib; path = BDDUserAgreementAlertView.xib; sourceTree = "<group>"; };
		D0FCAE732463EDD800E81E4D /* BDDHomeHeadView.h */ = {isa = PBXFileReference; lastKnownFileType = sourcecode.c.h; path = BDDHomeHeadView.h; sourceTree = "<group>"; };
		D0FCAE742463EDD800E81E4D /* BDDHomeHeadView.m */ = {isa = PBXFileReference; lastKnownFileType = sourcecode.c.objc; path = BDDHomeHeadView.m; sourceTree = "<group>"; };
		D0FCAE79246406A900E81E4D /* BDDHomeCollectionCell.h */ = {isa = PBXFileReference; lastKnownFileType = sourcecode.c.h; path = BDDHomeCollectionCell.h; sourceTree = "<group>"; };
		D0FCAE7A246406A900E81E4D /* BDDHomeCollectionCell.m */ = {isa = PBXFileReference; lastKnownFileType = sourcecode.c.objc; path = BDDHomeCollectionCell.m; sourceTree = "<group>"; };
		D0FCAE7B246406A900E81E4D /* BDDHomeCollectionCell.xib */ = {isa = PBXFileReference; lastKnownFileType = file.xib; path = BDDHomeCollectionCell.xib; sourceTree = "<group>"; };
		D0FCAE8224642BA100E81E4D /* BDDTodaySelectionView.h */ = {isa = PBXFileReference; lastKnownFileType = sourcecode.c.h; path = BDDTodaySelectionView.h; sourceTree = "<group>"; };
		D0FCAE8324642BA100E81E4D /* BDDTodaySelectionView.m */ = {isa = PBXFileReference; lastKnownFileType = sourcecode.c.objc; path = BDDTodaySelectionView.m; sourceTree = "<group>"; };
		D0FCAE8524642CAB00E81E4D /* BDDTopCycleView.h */ = {isa = PBXFileReference; lastKnownFileType = sourcecode.c.h; path = BDDTopCycleView.h; sourceTree = "<group>"; };
		D0FCAE8624642CAB00E81E4D /* BDDTopCycleView.m */ = {isa = PBXFileReference; lastKnownFileType = sourcecode.c.objc; path = BDDTopCycleView.m; sourceTree = "<group>"; };
		D0FCAE8924642E1F00E81E4D /* ADCycleView.m */ = {isa = PBXFileReference; fileEncoding = 4; lastKnownFileType = sourcecode.c.objc; path = ADCycleView.m; sourceTree = "<group>"; };
		D0FCAE8A24642E1F00E81E4D /* ADCycleView.h */ = {isa = PBXFileReference; fileEncoding = 4; lastKnownFileType = sourcecode.c.h; path = ADCycleView.h; sourceTree = "<group>"; };
		D0FCAE8D24642F7F00E81E4D /* BDDADModel.h */ = {isa = PBXFileReference; lastKnownFileType = sourcecode.c.h; path = BDDADModel.h; sourceTree = "<group>"; };
		D0FCAE8E24642F7F00E81E4D /* BDDADModel.m */ = {isa = PBXFileReference; lastKnownFileType = sourcecode.c.objc; path = BDDADModel.m; sourceTree = "<group>"; };
/* End PBXFileReference section */

/* Begin PBXFrameworksBuildPhase section */
		D09F35DF2462B5DA00459194 /* Frameworks */ = {
			isa = PBXFrameworksBuildPhase;
			buildActionMask = 2147483647;
			files = (
				7650E76BA0E1262DF4F77CDA /* libPods-BDD.a in Frameworks */,
			);
			runOnlyForDeploymentPostprocessing = 0;
		};
		D09F35FA2462B5DB00459194 /* Frameworks */ = {
			isa = PBXFrameworksBuildPhase;
			buildActionMask = 2147483647;
			files = (
			);
			runOnlyForDeploymentPostprocessing = 0;
		};
		D09F36052462B5DB00459194 /* Frameworks */ = {
			isa = PBXFrameworksBuildPhase;
			buildActionMask = 2147483647;
			files = (
			);
			runOnlyForDeploymentPostprocessing = 0;
		};
/* End PBXFrameworksBuildPhase section */

/* Begin PBXGroup section */
		0957EE524E2F1377B0928298 /* Frameworks */ = {
			isa = PBXGroup;
			children = (
				C022048FD5FD74467CA7EEC5 /* libPods-BDD.a */,
			);
			name = Frameworks;
			sourceTree = "<group>";
		};
		C59A89C11CE29AB6A44667BC /* Pods */ = {
			isa = PBXGroup;
			children = (
				82C6ABE9798951018EB18ED9 /* Pods-BDD.debug.xcconfig */,
				0C08E82EDB2F37BFA92E1017 /* Pods-BDD.release.xcconfig */,
			);
			path = Pods;
			sourceTree = "<group>";
		};
		D0130A4C2462C9B600D79B7F /* Unitl */ = {
			isa = PBXGroup;
			children = (
				D0130A4D2462C9B600D79B7F /* Category */,
				D0130A5E2462C9B600D79B7F /* NetWork */,
				D0130A632462C9B600D79B7F /* Macro */,
				D0130A672462C9B600D79B7F /* Singleton */,
				D0130A6A2462C9B600D79B7F /* Base */,
				D0130A712462C9B600D79B7F /* Tool */,
			);
			path = Unitl;
			sourceTree = "<group>";
		};
		D0130A4D2462C9B600D79B7F /* Category */ = {
			isa = PBXGroup;
			children = (
				D080FA63246501B000F76E14 /* UIViewController+HUD.h */,
				D080FA62246501B000F76E14 /* UIViewController+HUD.m */,
				D0130A582462C9B600D79B7F /* UIButton+BDDTouchArea.h */,
				D0130A4E2462C9B600D79B7F /* UIButton+BDDTouchArea.m */,
				D0130A562462C9B600D79B7F /* UIImage+WLCompress.h */,
				D0130A4F2462C9B600D79B7F /* UIImage+WLCompress.m */,
				D0130A572462C9B600D79B7F /* UIView+Geometry.h */,
				D0130A502462C9B600D79B7F /* UIView+Geometry.m */,
				D0130A512462C9B600D79B7F /* NSDate+Utils.h */,
				D0130A5A2462C9B600D79B7F /* NSDate+Utils.m */,
				D0130A592462C9B600D79B7F /* UIButton+HQCustomIcon.h */,
				D0130A522462C9B600D79B7F /* UIButton+HQCustomIcon.m */,
				D0130A5D2462C9B600D79B7F /* UILabel+BDDCopy.h */,
				D0130A532462C9B600D79B7F /* UILabel+BDDCopy.m */,
				D0130A5C2462C9B600D79B7F /* UIColor+BDDCategory.h */,
				D0130A542462C9B600D79B7F /* UIColor+BDDCategory.m */,
				D0130A552462C9B600D79B7F /* UIImageView+BDDWebCache.h */,
				D0130A5B2462C9B600D79B7F /* UIImageView+BDDWebCache.m */,
			);
			path = Category;
			sourceTree = "<group>";
		};
		D0130A5E2462C9B600D79B7F /* NetWork */ = {
			isa = PBXGroup;
			children = (
				D0130A622462C9B600D79B7F /* BDDHttpTool.h */,
				D0130A5F2462C9B600D79B7F /* BDDHttpTool.m */,
				D0130A612462C9B600D79B7F /* BDDServerPort.h */,
				D0130A602462C9B600D79B7F /* BDDServerPort.m */,
			);
			path = NetWork;
			sourceTree = "<group>";
		};
		D0130A632462C9B600D79B7F /* Macro */ = {
			isa = PBXGroup;
			children = (
				D0130A642462C9B600D79B7F /* MacroDefinitionHeader.h */,
				D0130A662462C9B600D79B7F /* BDDConstant.h */,
				D0130A652462C9B600D79B7F /* BDDConstant.m */,
			);
			path = Macro;
			sourceTree = "<group>";
		};
		D0130A672462C9B600D79B7F /* Singleton */ = {
			isa = PBXGroup;
			children = (
				D0130A682462C9B600D79B7F /* BDDPayShareInstance.m */,
				D0130A692462C9B600D79B7F /* BDDPayShareInstance.h */,
			);
			path = Singleton;
			sourceTree = "<group>";
		};
		D0130A6A2462C9B600D79B7F /* Base */ = {
			isa = PBXGroup;
			children = (
				D0130A6F2462C9B600D79B7F /* BDDBaseViewController.h */,
				D0130A6B2462C9B600D79B7F /* BDDBaseViewController.m */,
				D080FA6424651B8C00F76E14 /* UIViewController+BDDBase.h */,
				D080FA6524651B8C00F76E14 /* UIViewController+BDDBase.m */,
				D0130A6E2462C9B600D79B7F /* BDDBaseTabBarController.h */,
				D0130A6C2462C9B600D79B7F /* BDDBaseTabBarController.m */,
				D0130A702462C9B600D79B7F /* BDDBaseNavigationController.h */,
				D0130A6D2462C9B600D79B7F /* BDDBaseNavigationController.m */,
			);
			path = Base;
			sourceTree = "<group>";
		};
		D0130A712462C9B600D79B7F /* Tool */ = {
			isa = PBXGroup;
			children = (
				D0130A752462C9B700D79B7F /* BDDHUD.h */,
				D0130A722462C9B600D79B7F /* BDDHUD.m */,
				D0130A772462C9B700D79B7F /* BDDTool.h */,
				D0130A742462C9B700D79B7F /* BDDTool.m */,
				D0130A732462C9B600D79B7F /* BDDLinkTool.h */,
				D0130A762462C9B700D79B7F /* BDDLinkTool.m */,
				D0130A782462C9B700D79B7F /* MBProgressHUD+Add */,
			);
			path = Tool;
			sourceTree = "<group>";
		};
		D0130A782462C9B700D79B7F /* MBProgressHUD+Add */ = {
			isa = PBXGroup;
			children = (
				D0130A792462C9B700D79B7F /* UIViewController+MBPHUD.h */,
				D0130A7A2462C9B700D79B7F /* UIView+MBPHUD.h */,
				D0130A7B2462C9B700D79B7F /* UIViewController+MBPHUD.m */,
				D0130A7C2462C9B700D79B7F /* UIView+MBPHUD.m */,
			);
			path = "MBProgressHUD+Add";
			sourceTree = "<group>";
		};
		D0130A922462D47900D79B7F /* Class */ = {
			isa = PBXGroup;
			children = (
				D0130A932462D47900D79B7F /* Home */,
				D0130A972462D47900D79B7F /* Classify */,
				D0130A9B2462D47900D79B7F /* DDCircle */,
				D0130A9F2462D47900D79B7F /* Me */,
				D0130AA32462D47900D79B7F /* LoginRegister */,
			);
			path = Class;
			sourceTree = "<group>";
		};
		D0130A932462D47900D79B7F /* Home */ = {
			isa = PBXGroup;
			children = (
				D080FA5E2464F30500F76E14 /* Search */,
				D0FCAE8C24642F6200E81E4D /* Model */,
				D0FCAE722463EBA500E81E4D /* View */,
				D0130A942462D47900D79B7F /* Controller */,
			);
			path = Home;
			sourceTree = "<group>";
		};
		D0130A942462D47900D79B7F /* Controller */ = {
			isa = PBXGroup;
			children = (
				D0130A952462D47900D79B7F /* BDDHomeViewController.h */,
				D0130A962462D47900D79B7F /* BDDHomeViewController.m */,
			);
			path = Controller;
			sourceTree = "<group>";
		};
		D0130A972462D47900D79B7F /* Classify */ = {
			isa = PBXGroup;
			children = (
				D0130A982462D47900D79B7F /* Controller */,
			);
			path = Classify;
			sourceTree = "<group>";
		};
		D0130A982462D47900D79B7F /* Controller */ = {
			isa = PBXGroup;
			children = (
				D0130AAD2462D6D800D79B7F /* BDDClassifyViewController.h */,
				D0130AAE2462D6D800D79B7F /* BDDClassifyViewController.m */,
			);
			path = Controller;
			sourceTree = "<group>";
		};
		D0130A9B2462D47900D79B7F /* DDCircle */ = {
			isa = PBXGroup;
			children = (
				D0130A9C2462D47900D79B7F /* Controller */,
			);
			path = DDCircle;
			sourceTree = "<group>";
		};
		D0130A9C2462D47900D79B7F /* Controller */ = {
			isa = PBXGroup;
			children = (
				D0130AB32462D7D700D79B7F /* BDDCircleViewController.h */,
				D0130AB42462D7D700D79B7F /* BDDCircleViewController.m */,
			);
			path = Controller;
			sourceTree = "<group>";
		};
		D0130A9F2462D47900D79B7F /* Me */ = {
			isa = PBXGroup;
			children = (
				D0130AA02462D47900D79B7F /* Controller */,
			);
			path = Me;
			sourceTree = "<group>";
		};
		D0130AA02462D47900D79B7F /* Controller */ = {
			isa = PBXGroup;
			children = (
				D0130AB02462D79900D79B7F /* BDDMeViewController.h */,
				D0130AB12462D79900D79B7F /* BDDMeViewController.m */,
			);
			path = Controller;
			sourceTree = "<group>";
		};
		D0130AA32462D47900D79B7F /* LoginRegister */ = {
			isa = PBXGroup;
			children = (
				D0130ABD2462DC9A00D79B7F /* BDDLoginRegisterViewController.h */,
				D0130ABE2462DC9A00D79B7F /* BDDLoginRegisterViewController.m */,
				D0130ABF2462DC9A00D79B7F /* BDDLoginRegisterViewController.xib */,
				D0130B0F24631ADA00D79B7F /* BDDInviteCodeAlertView.h */,
				D0130B1024631ADA00D79B7F /* BDDInviteCodeAlertView.m */,
				D0130B1224631AFD00D79B7F /* BDDInviteCodeAlertView.xib */,
				D0FCAE6D24639EA000E81E4D /* BDDUserAgreementAlertView.h */,
				D0FCAE6E24639EA000E81E4D /* BDDUserAgreementAlertView.m */,
				D0FCAE7024639FD100E81E4D /* BDDUserAgreementAlertView.xib */,
				D0130B0E24630B9D00D79B7F /* Model */,
				D0130B0D24630B8000D79B7F /* View */,
				D0130B0C24630B6C00D79B7F /* Controller */,
			);
			path = LoginRegister;
			sourceTree = "<group>";
		};
		D0130AB62462DB0300D79B7F /* Main */ = {
			isa = PBXGroup;
			children = (
				D09F35E52462B5DA00459194 /* AppDelegate.h */,
				D09F35E62462B5DA00459194 /* AppDelegate.m */,
				D0130ABA2462DBB900D79B7F /* AppDelegate+BDDADLaunch.h */,
				D0130ABB2462DBB900D79B7F /* AppDelegate+BDDADLaunch.m */,
				D09F35EB2462B5DA00459194 /* ViewController.h */,
				D09F35EC2462B5DA00459194 /* ViewController.m */,
			);
			path = Main;
			sourceTree = "<group>";
		};
		D0130AD32462DF5200D79B7F /* Library */ = {
			isa = PBXGroup;
			children = (
				D0130AD42462DF5200D79B7F /* GetDevInfoUtil */,
				D0130AD72462DF5200D79B7F /* LBXPermissions */,
			);
			path = Library;
			sourceTree = "<group>";
		};
		D0130AD42462DF5200D79B7F /* GetDevInfoUtil */ = {
			isa = PBXGroup;
			children = (
				D0130AD52462DF5200D79B7F /* BDDMGetDevInfoUtil.h */,
				D0130AD62462DF5200D79B7F /* BDDMGetDevInfoUtil.m */,
			);
			path = GetDevInfoUtil;
			sourceTree = "<group>";
		};
		D0130AD72462DF5200D79B7F /* LBXPermissions */ = {
			isa = PBXGroup;
			children = (
				D0130AD82462DF5200D79B7F /* LBXPermissionMicrophone.m */,
				D0130AD92462DF5200D79B7F /* LBXPermissionNetwork.m */,
				D0130ADA2462DF5200D79B7F /* LBXPermissionCalendar.m */,
				D0130ADB2462DF5200D79B7F /* LBXPermissionLocation.h */,
				D0130ADC2462DF5200D79B7F /* LBXPermission.h */,
				D0130ADD2462DF5200D79B7F /* LBXPermissionCamera.h */,
				D0130ADE2462DF5200D79B7F /* LBXPermissionContacts.h */,
				D0130ADF2462DF5200D79B7F /* LBXPermissionReminders.m */,
				D0130AE02462DF5200D79B7F /* LBXPermissionHealth.m */,
				D0130AE12462DF5200D79B7F /* LBXPermissionMedia.m */,
				D0130AE22462DF5200D79B7F /* LBXPermissionSetting.m */,
				D0130AE32462DF5200D79B7F /* LBXPermissionPhotos.m */,
				D0130AE42462DF5200D79B7F /* LBXPermissionCalendar.h */,
				D0130AE52462DF5200D79B7F /* LBXPermissionNetwork.h */,
				D0130AE62462DF5200D79B7F /* LBXPermissionMicrophone.h */,
				D0130AE72462DF5200D79B7F /* LBXPermissionLocation.m */,
				D0130AE82462DF5200D79B7F /* LBXPermissionContacts.m */,
				D0130AE92462DF5200D79B7F /* LBXPermissionCamera.m */,
				D0130AEA2462DF5200D79B7F /* LBXPermission.m */,
				D0130AEB2462DF5200D79B7F /* LBXPermissionPhotos.h */,
				D0130AEC2462DF5200D79B7F /* LBXPermissionSetting.h */,
				D0130AED2462DF5200D79B7F /* LBXPermissionMedia.h */,
				D0130AEE2462DF5200D79B7F /* LBXPermissionHealth.h */,
				D0130AEF2462DF5200D79B7F /* LBXPermissionReminders.h */,
			);
			path = LBXPermissions;
			sourceTree = "<group>";
		};
		D0130AFD2462DFBC00D79B7F /* General */ = {
			isa = PBXGroup;
			children = (
				D099EF0E246683CF00A2F79C /* EmptyView */,
				D0FCAE8824642E1F00E81E4D /* ADView */,
				D0130AFE2462DFBC00D79B7F /* QRCodeScan */,
				D0130B052462DFBC00D79B7F /* WebView */,
			);
			path = General;
			sourceTree = "<group>";
		};
		D0130AFE2462DFBC00D79B7F /* QRCodeScan */ = {
			isa = PBXGroup;
			children = (
				D0130AFF2462DFBC00D79B7F /* QRCodeView.m */,
				D0130B002462DFBC00D79B7F /* MyQRCodeAlertView.h */,
				D0130B012462DFBC00D79B7F /* DIYScanViewController.m */,
				D0130B022462DFBC00D79B7F /* MyQRCodeAlertView.m */,
				D0130B032462DFBC00D79B7F /* QRCodeView.h */,
				D0130B042462DFBC00D79B7F /* DIYScanViewController.h */,
			);
			path = QRCodeScan;
			sourceTree = "<group>";
		};
		D0130B052462DFBC00D79B7F /* WebView */ = {
			isa = PBXGroup;
			children = (
				D0130B072462DFBC00D79B7F /* BDDWebViewController.h */,
				D0130B062462DFBC00D79B7F /* BDDWebViewController.m */,
			);
			path = WebView;
			sourceTree = "<group>";
		};
		D0130B0C24630B6C00D79B7F /* Controller */ = {
			isa = PBXGroup;
			children = (
			);
			path = Controller;
			sourceTree = "<group>";
		};
		D0130B0D24630B8000D79B7F /* View */ = {
			isa = PBXGroup;
			children = (
			);
			path = View;
			sourceTree = "<group>";
		};
		D0130B0E24630B9D00D79B7F /* Model */ = {
			isa = PBXGroup;
			children = (
			);
			path = Model;
			sourceTree = "<group>";
		};
		D080FA5E2464F30500F76E14 /* Search */ = {
			isa = PBXGroup;
			children = (
				D080FA5F2464F5F400F76E14 /* BDDSearchViewController.h */,
				D080FA602464F5F400F76E14 /* BDDSearchViewController.m */,
				D080FA6D246551F600F76E14 /* BDDSearchResultsView.h */,
				D080FA6E246551F600F76E14 /* BDDSearchResultsView.m */,
				D080FA702465538900F76E14 /* BDDSearchResultsCell.h */,
				D080FA712465538900F76E14 /* BDDSearchResultsCell.m */,
				D080FA722465538900F76E14 /* BDDSearchResultsCell.xib */,
				D0BB97A124656F1300FA6B95 /* BDDSearchHistoryView.h */,
				D0BB97A224656F1300FA6B95 /* BDDSearchHistoryView.m */,
				D0BB97A42465CC2200FA6B95 /* BDDSearchTagView.h */,
				D0BB97A52465CC2200FA6B95 /* BDDSearchTagView.m */,
				D0BB97A72465CC4900FA6B95 /* BDDSearchTagView.xib */,
				D099EF122466879C00A2F79C /* BDDNoNetworkViewController.h */,
				D099EF132466879C00A2F79C /* BDDNoNetworkViewController.m */,
				D099EF142466879C00A2F79C /* BDDNoNetworkViewController.xib */,
				D099EF172466A08900A2F79C /* BDDNoNetWorkHintView.h */,
				D099EF182466A08900A2F79C /* BDDNoNetWorkHintView.m */,
			);
			path = Search;
			sourceTree = "<group>";
		};
		D099EF0E246683CF00A2F79C /* EmptyView */ = {
			isa = PBXGroup;
			children = (
				D099EF0F2466841400A2F79C /* BDDEmptyView.h */,
				D099EF102466841400A2F79C /* BDDEmptyView.m */,
			);
			path = EmptyView;
			sourceTree = "<group>";
		};
		D09F35D92462B5DA00459194 = {
			isa = PBXGroup;
			children = (
				D09F35E42462B5DA00459194 /* BDD */,
				D09F36002462B5DB00459194 /* BDDTests */,
				D09F360B2462B5DB00459194 /* BDDUITests */,
				D09F35E32462B5DA00459194 /* Products */,
				C59A89C11CE29AB6A44667BC /* Pods */,
				0957EE524E2F1377B0928298 /* Frameworks */,
			);
			sourceTree = "<group>";
		};
		D09F35E32462B5DA00459194 /* Products */ = {
			isa = PBXGroup;
			children = (
				D09F35E22462B5DA00459194 /* BDD.app */,
				D09F35FD2462B5DB00459194 /* BDDTests.xctest */,
				D09F36082462B5DB00459194 /* BDDUITests.xctest */,
			);
			name = Products;
			sourceTree = "<group>";
		};
		D09F35E42462B5DA00459194 /* BDD */ = {
			isa = PBXGroup;
			children = (
				D0130A922462D47900D79B7F /* Class */,
				D0130AFD2462DFBC00D79B7F /* General */,
				D0130AD32462DF5200D79B7F /* Library */,
				D0130A4C2462C9B600D79B7F /* Unitl */,
				D0130AB62462DB0300D79B7F /* Main */,
				D09F35EE2462B5DA00459194 /* Main.storyboard */,
				D09F35F12462B5DB00459194 /* Assets.xcassets */,
				D09F35F32462B5DB00459194 /* LaunchScreen.storyboard */,
				D09F35F62462B5DB00459194 /* Info.plist */,
				D09F35F72462B5DB00459194 /* main.m */,
				D0130A912462CB2F00D79B7F /* PrefixHeader.pch */,
			);
			path = BDD;
			sourceTree = "<group>";
		};
		D09F36002462B5DB00459194 /* BDDTests */ = {
			isa = PBXGroup;
			children = (
				D09F36012462B5DB00459194 /* BDDTests.m */,
				D09F36032462B5DB00459194 /* Info.plist */,
			);
			path = BDDTests;
			sourceTree = "<group>";
		};
		D09F360B2462B5DB00459194 /* BDDUITests */ = {
			isa = PBXGroup;
			children = (
				D09F360C2462B5DB00459194 /* BDDUITests.m */,
				D09F360E2462B5DB00459194 /* Info.plist */,
			);
			path = BDDUITests;
			sourceTree = "<group>";
		};
		D0FCAE722463EBA500E81E4D /* View */ = {
			isa = PBXGroup;
			children = (
				D0FCAE732463EDD800E81E4D /* BDDHomeHeadView.h */,
				D0FCAE742463EDD800E81E4D /* BDDHomeHeadView.m */,
				D0FCAE8524642CAB00E81E4D /* BDDTopCycleView.h */,
				D0FCAE8624642CAB00E81E4D /* BDDTopCycleView.m */,
				D0198FB224647C020001F073 /* BDDTopBtbView.h */,
				D0198FB324647C020001F073 /* BDDTopBtbView.m */,
				D0198FB524647C120001F073 /* BDDTopBtbView.xib */,
				D0FCAE8224642BA100E81E4D /* BDDTodaySelectionView.h */,
				D0FCAE8324642BA100E81E4D /* BDDTodaySelectionView.m */,
				D0198FAD24646DB70001F073 /* BDDTodaySelectionCell.h */,
				D0198FAE24646DB70001F073 /* BDDTodaySelectionCell.m */,
				D0198FAF24646DB70001F073 /* BDDTodaySelectionCell.xib */,
				D0FCAE79246406A900E81E4D /* BDDHomeCollectionCell.h */,
				D0FCAE7A246406A900E81E4D /* BDDHomeCollectionCell.m */,
				D0FCAE7B246406A900E81E4D /* BDDHomeCollectionCell.xib */,
			);
			path = View;
			sourceTree = "<group>";
		};
		D0FCAE8824642E1F00E81E4D /* ADView */ = {
			isa = PBXGroup;
			children = (
				D0FCAE8A24642E1F00E81E4D /* ADCycleView.h */,
				D0FCAE8924642E1F00E81E4D /* ADCycleView.m */,
			);
			path = ADView;
			sourceTree = "<group>";
		};
		D0FCAE8C24642F6200E81E4D /* Model */ = {
			isa = PBXGroup;
			children = (
				D0FCAE8D24642F7F00E81E4D /* BDDADModel.h */,
				D0FCAE8E24642F7F00E81E4D /* BDDADModel.m */,
			);
			path = Model;
			sourceTree = "<group>";
		};
/* End PBXGroup section */

/* Begin PBXNativeTarget section */
		D09F35E12462B5DA00459194 /* BDD */ = {
			isa = PBXNativeTarget;
			buildConfigurationList = D09F36112462B5DB00459194 /* Build configuration list for PBXNativeTarget "BDD" */;
			buildPhases = (
				52B1B2FF57F03D9157894DAC /* [CP] Check Pods Manifest.lock */,
				D09F35DE2462B5DA00459194 /* Sources */,
				D09F35DF2462B5DA00459194 /* Frameworks */,
				D09F35E02462B5DA00459194 /* Resources */,
				2A01A4DDBD285BF6B00F5842 /* [CP] Copy Pods Resources */,
			);
			buildRules = (
			);
			dependencies = (
			);
			name = BDD;
			productName = BDD;
			productReference = D09F35E22462B5DA00459194 /* BDD.app */;
			productType = "com.apple.product-type.application";
		};
		D09F35FC2462B5DB00459194 /* BDDTests */ = {
			isa = PBXNativeTarget;
			buildConfigurationList = D09F36142462B5DB00459194 /* Build configuration list for PBXNativeTarget "BDDTests" */;
			buildPhases = (
				D09F35F92462B5DB00459194 /* Sources */,
				D09F35FA2462B5DB00459194 /* Frameworks */,
				D09F35FB2462B5DB00459194 /* Resources */,
			);
			buildRules = (
			);
			dependencies = (
				D09F35FF2462B5DB00459194 /* PBXTargetDependency */,
			);
			name = BDDTests;
			productName = BDDTests;
			productReference = D09F35FD2462B5DB00459194 /* BDDTests.xctest */;
			productType = "com.apple.product-type.bundle.unit-test";
		};
		D09F36072462B5DB00459194 /* BDDUITests */ = {
			isa = PBXNativeTarget;
			buildConfigurationList = D09F36172462B5DB00459194 /* Build configuration list for PBXNativeTarget "BDDUITests" */;
			buildPhases = (
				D09F36042462B5DB00459194 /* Sources */,
				D09F36052462B5DB00459194 /* Frameworks */,
				D09F36062462B5DB00459194 /* Resources */,
			);
			buildRules = (
			);
			dependencies = (
				D09F360A2462B5DB00459194 /* PBXTargetDependency */,
			);
			name = BDDUITests;
			productName = BDDUITests;
			productReference = D09F36082462B5DB00459194 /* BDDUITests.xctest */;
			productType = "com.apple.product-type.bundle.ui-testing";
		};
/* End PBXNativeTarget section */

/* Begin PBXProject section */
		D09F35DA2462B5DA00459194 /* Project object */ = {
			isa = PBXProject;
			attributes = {
				CLASSPREFIX = BDD;
				LastUpgradeCheck = 1100;
				ORGANIZATIONNAME = "宝多多";
				TargetAttributes = {
					D09F35E12462B5DA00459194 = {
						CreatedOnToolsVersion = 11.0;
					};
					D09F35FC2462B5DB00459194 = {
						CreatedOnToolsVersion = 11.0;
						TestTargetID = D09F35E12462B5DA00459194;
					};
					D09F36072462B5DB00459194 = {
						CreatedOnToolsVersion = 11.0;
						TestTargetID = D09F35E12462B5DA00459194;
					};
				};
			};
			buildConfigurationList = D09F35DD2462B5DA00459194 /* Build configuration list for PBXProject "BDD" */;
			compatibilityVersion = "Xcode 9.3";
			developmentRegion = en;
			hasScannedForEncodings = 0;
			knownRegions = (
				en,
				Base,
			);
			mainGroup = D09F35D92462B5DA00459194;
			productRefGroup = D09F35E32462B5DA00459194 /* Products */;
			projectDirPath = "";
			projectRoot = "";
			targets = (
				D09F35E12462B5DA00459194 /* BDD */,
				D09F35FC2462B5DB00459194 /* BDDTests */,
				D09F36072462B5DB00459194 /* BDDUITests */,
			);
		};
/* End PBXProject section */

/* Begin PBXResourcesBuildPhase section */
		D09F35E02462B5DA00459194 /* Resources */ = {
			isa = PBXResourcesBuildPhase;
			buildActionMask = 2147483647;
			files = (
				D0BB97A82465CC4900FA6B95 /* BDDSearchTagView.xib in Resources */,
				D09F35F52462B5DB00459194 /* LaunchScreen.storyboard in Resources */,
				D09F35F22462B5DB00459194 /* Assets.xcassets in Resources */,
				D0FCAE7124639FD100E81E4D /* BDDUserAgreementAlertView.xib in Resources */,
				D0198FB124646DB70001F073 /* BDDTodaySelectionCell.xib in Resources */,
				D0FCAE7D246406A900E81E4D /* BDDHomeCollectionCell.xib in Resources */,
				D0198FB624647C120001F073 /* BDDTopBtbView.xib in Resources */,
				D099EF162466879C00A2F79C /* BDDNoNetworkViewController.xib in Resources */,
				D0130AC12462DC9A00D79B7F /* BDDLoginRegisterViewController.xib in Resources */,
				D0130B1324631AFD00D79B7F /* BDDInviteCodeAlertView.xib in Resources */,
				D09F35F02462B5DA00459194 /* Main.storyboard in Resources */,
				D080FA742465538900F76E14 /* BDDSearchResultsCell.xib in Resources */,
			);
			runOnlyForDeploymentPostprocessing = 0;
		};
		D09F35FB2462B5DB00459194 /* Resources */ = {
			isa = PBXResourcesBuildPhase;
			buildActionMask = 2147483647;
			files = (
			);
			runOnlyForDeploymentPostprocessing = 0;
		};
		D09F36062462B5DB00459194 /* Resources */ = {
			isa = PBXResourcesBuildPhase;
			buildActionMask = 2147483647;
			files = (
			);
			runOnlyForDeploymentPostprocessing = 0;
		};
/* End PBXResourcesBuildPhase section */

/* Begin PBXShellScriptBuildPhase section */
		2A01A4DDBD285BF6B00F5842 /* [CP] Copy Pods Resources */ = {
			isa = PBXShellScriptBuildPhase;
			buildActionMask = 2147483647;
			files = (
			);
			inputFileListPaths = (
				"${PODS_ROOT}/Target Support Files/Pods-BDD/Pods-BDD-resources-${CONFIGURATION}-input-files.xcfilelist",
			);
			name = "[CP] Copy Pods Resources";
			outputFileListPaths = (
				"${PODS_ROOT}/Target Support Files/Pods-BDD/Pods-BDD-resources-${CONFIGURATION}-output-files.xcfilelist",
			);
			runOnlyForDeploymentPostprocessing = 0;
			shellPath = /bin/sh;
			shellScript = "\"${PODS_ROOT}/Target Support Files/Pods-BDD/Pods-BDD-resources.sh\"\n";
			showEnvVarsInLog = 0;
		};
		52B1B2FF57F03D9157894DAC /* [CP] Check Pods Manifest.lock */ = {
			isa = PBXShellScriptBuildPhase;
			buildActionMask = 2147483647;
			files = (
			);
			inputFileListPaths = (
			);
			inputPaths = (
				"${PODS_PODFILE_DIR_PATH}/Podfile.lock",
				"${PODS_ROOT}/Manifest.lock",
			);
			name = "[CP] Check Pods Manifest.lock";
			outputFileListPaths = (
			);
			outputPaths = (
				"$(DERIVED_FILE_DIR)/Pods-BDD-checkManifestLockResult.txt",
			);
			runOnlyForDeploymentPostprocessing = 0;
			shellPath = /bin/sh;
			shellScript = "diff \"${PODS_PODFILE_DIR_PATH}/Podfile.lock\" \"${PODS_ROOT}/Manifest.lock\" > /dev/null\nif [ $? != 0 ] ; then\n    # print error to STDERR\n    echo \"error: The sandbox is not in sync with the Podfile.lock. Run 'pod install' or update your CocoaPods installation.\" >&2\n    exit 1\nfi\n# This output is used by Xcode 'outputs' to avoid re-running this script phase.\necho \"SUCCESS\" > \"${SCRIPT_OUTPUT_FILE_0}\"\n";
			showEnvVarsInLog = 0;
		};
/* End PBXShellScriptBuildPhase section */

/* Begin PBXSourcesBuildPhase section */
		D09F35DE2462B5DA00459194 /* Sources */ = {
			isa = PBXSourcesBuildPhase;
			buildActionMask = 2147483647;
			files = (
				D0BB97A324656F1300FA6B95 /* BDDSearchHistoryView.m in Sources */,
				D0130A812462C9B700D79B7F /* UILabel+BDDCopy.m in Sources */,
				D0FCAE8B24642E1F00E81E4D /* ADCycleView.m in Sources */,
				D080FA612464F5F400F76E14 /* BDDSearchViewController.m in Sources */,
				D0130AF52462DF5200D79B7F /* LBXPermissionHealth.m in Sources */,
				D09F35ED2462B5DA00459194 /* ViewController.m in Sources */,
				D09F35E72462B5DA00459194 /* AppDelegate.m in Sources */,
				D0130AF32462DF5200D79B7F /* LBXPermissionCalendar.m in Sources */,
				D0130A7E2462C9B700D79B7F /* UIImage+WLCompress.m in Sources */,
				D0130AF62462DF5200D79B7F /* LBXPermissionMedia.m in Sources */,
				D0FCAE7C246406A900E81E4D /* BDDHomeCollectionCell.m in Sources */,
				D0130AF12462DF5200D79B7F /* LBXPermissionMicrophone.m in Sources */,
				D0130A892462C9B700D79B7F /* BDDBaseViewController.m in Sources */,
				D0130A872462C9B700D79B7F /* BDDConstant.m in Sources */,
				D0130B0B2462DFBC00D79B7F /* BDDWebViewController.m in Sources */,
				D0130A832462C9B700D79B7F /* NSDate+Utils.m in Sources */,
				D080FA732465538900F76E14 /* BDDSearchResultsCell.m in Sources */,
				D0130A8B2462C9B700D79B7F /* BDDBaseNavigationController.m in Sources */,
				D0BB97A62465CC2200FA6B95 /* BDDSearchTagView.m in Sources */,
				D0198FB024646DB70001F073 /* BDDTodaySelectionCell.m in Sources */,
				D0130A8F2462C9B700D79B7F /* UIViewController+MBPHUD.m in Sources */,
				D0130AF72462DF5200D79B7F /* LBXPermissionSetting.m in Sources */,
				D0130A842462C9B700D79B7F /* UIImageView+BDDWebCache.m in Sources */,
				D0130AB52462D7D700D79B7F /* BDDCircleViewController.m in Sources */,
				D0130AF22462DF5200D79B7F /* LBXPermissionNetwork.m in Sources */,
				D080FA6F246551F600F76E14 /* BDDSearchResultsView.m in Sources */,
				D0130A802462C9B700D79B7F /* UIButton+HQCustomIcon.m in Sources */,
				D0130AFA2462DF5200D79B7F /* LBXPermissionContacts.m in Sources */,
				D0130A8A2462C9B700D79B7F /* BDDBaseTabBarController.m in Sources */,
				D0130ABC2462DBB900D79B7F /* AppDelegate+BDDADLaunch.m in Sources */,
				D0130B082462DFBC00D79B7F /* QRCodeView.m in Sources */,
				D0130AA72462D47900D79B7F /* BDDHomeViewController.m in Sources */,
				D0130A822462C9B700D79B7F /* UIColor+BDDCategory.m in Sources */,
				D0130AF92462DF5200D79B7F /* LBXPermissionLocation.m in Sources */,
				D0FCAE6F24639EA000E81E4D /* BDDUserAgreementAlertView.m in Sources */,
				D0130A8E2462C9B700D79B7F /* BDDLinkTool.m in Sources */,
				D0130AFC2462DF5200D79B7F /* LBXPermission.m in Sources */,
				D09F35F82462B5DB00459194 /* main.m in Sources */,
				D080FA6624651B8C00F76E14 /* UIViewController+BDDBase.m in Sources */,
				D099EF152466879C00A2F79C /* BDDNoNetworkViewController.m in Sources */,
				D0130AFB2462DF5200D79B7F /* LBXPermissionCamera.m in Sources */,
				D0198FB424647C020001F073 /* BDDTopBtbView.m in Sources */,
				D0130AC02462DC9A00D79B7F /* BDDLoginRegisterViewController.m in Sources */,
				D0130AF42462DF5200D79B7F /* LBXPermissionReminders.m in Sources */,
				D0130B1124631ADA00D79B7F /* BDDInviteCodeAlertView.m in Sources */,
				D0130A862462C9B700D79B7F /* BDDServerPort.m in Sources */,
				D0FCAE8424642BA100E81E4D /* BDDTodaySelectionView.m in Sources */,
				D0FCAE752463EDD800E81E4D /* BDDHomeHeadView.m in Sources */,
				D0130B092462DFBC00D79B7F /* DIYScanViewController.m in Sources */,
				D0130A8D2462C9B700D79B7F /* BDDTool.m in Sources */,
				D099EF192466A08900A2F79C /* BDDNoNetWorkHintView.m in Sources */,
				D0FCAE8F24642F7F00E81E4D /* BDDADModel.m in Sources */,
				D0130AF82462DF5200D79B7F /* LBXPermissionPhotos.m in Sources */,
				D0130A7F2462C9B700D79B7F /* UIView+Geometry.m in Sources */,
				D0130AAF2462D6D800D79B7F /* BDDClassifyViewController.m in Sources */,
				D099EF112466841400A2F79C /* BDDEmptyView.m in Sources */,
				D0130A852462C9B700D79B7F /* BDDHttpTool.m in Sources */,
				D0130AB22462D79900D79B7F /* BDDMeViewController.m in Sources */,
				D0130A882462C9B700D79B7F /* BDDPayShareInstance.m in Sources */,
				D0130A8C2462C9B700D79B7F /* BDDHUD.m in Sources */,
				D0130A902462C9B700D79B7F /* UIView+MBPHUD.m in Sources */,
				D0FCAE8724642CAB00E81E4D /* BDDTopCycleView.m in Sources */,
				D0130B0A2462DFBC00D79B7F /* MyQRCodeAlertView.m in Sources */,
				D0130A7D2462C9B700D79B7F /* UIButton+BDDTouchArea.m in Sources */,
				D0130AF02462DF5200D79B7F /* BDDMGetDevInfoUtil.m in Sources */,
			);
			runOnlyForDeploymentPostprocessing = 0;
		};
		D09F35F92462B5DB00459194 /* Sources */ = {
			isa = PBXSourcesBuildPhase;
			buildActionMask = 2147483647;
			files = (
				D09F36022462B5DB00459194 /* BDDTests.m in Sources */,
			);
			runOnlyForDeploymentPostprocessing = 0;
		};
		D09F36042462B5DB00459194 /* Sources */ = {
			isa = PBXSourcesBuildPhase;
			buildActionMask = 2147483647;
			files = (
				D09F360D2462B5DB00459194 /* BDDUITests.m in Sources */,
			);
			runOnlyForDeploymentPostprocessing = 0;
		};
/* End PBXSourcesBuildPhase section */

/* Begin PBXTargetDependency section */
		D09F35FF2462B5DB00459194 /* PBXTargetDependency */ = {
			isa = PBXTargetDependency;
			target = D09F35E12462B5DA00459194 /* BDD */;
			targetProxy = D09F35FE2462B5DB00459194 /* PBXContainerItemProxy */;
		};
		D09F360A2462B5DB00459194 /* PBXTargetDependency */ = {
			isa = PBXTargetDependency;
			target = D09F35E12462B5DA00459194 /* BDD */;
			targetProxy = D09F36092462B5DB00459194 /* PBXContainerItemProxy */;
		};
/* End PBXTargetDependency section */

/* Begin PBXVariantGroup section */
		D09F35EE2462B5DA00459194 /* Main.storyboard */ = {
			isa = PBXVariantGroup;
			children = (
				D09F35EF2462B5DA00459194 /* Base */,
			);
			name = Main.storyboard;
			sourceTree = "<group>";
		};
		D09F35F32462B5DB00459194 /* LaunchScreen.storyboard */ = {
			isa = PBXVariantGroup;
			children = (
				D09F35F42462B5DB00459194 /* Base */,
			);
			name = LaunchScreen.storyboard;
			sourceTree = "<group>";
		};
/* End PBXVariantGroup section */

/* Begin XCBuildConfiguration section */
		D09F360F2462B5DB00459194 /* Debug */ = {
			isa = XCBuildConfiguration;
			buildSettings = {
				ALWAYS_SEARCH_USER_PATHS = NO;
				CLANG_ANALYZER_NONNULL = YES;
				CLANG_ANALYZER_NUMBER_OBJECT_CONVERSION = YES_AGGRESSIVE;
				CLANG_CXX_LANGUAGE_STANDARD = "gnu++14";
				CLANG_CXX_LIBRARY = "libc++";
				CLANG_ENABLE_MODULES = YES;
				CLANG_ENABLE_OBJC_ARC = YES;
				CLANG_ENABLE_OBJC_WEAK = YES;
				CLANG_WARN_BLOCK_CAPTURE_AUTORELEASING = YES;
				CLANG_WARN_BOOL_CONVERSION = YES;
				CLANG_WARN_COMMA = YES;
				CLANG_WARN_CONSTANT_CONVERSION = YES;
				CLANG_WARN_DEPRECATED_OBJC_IMPLEMENTATIONS = YES;
				CLANG_WARN_DIRECT_OBJC_ISA_USAGE = YES_ERROR;
				CLANG_WARN_DOCUMENTATION_COMMENTS = YES;
				CLANG_WARN_EMPTY_BODY = YES;
				CLANG_WARN_ENUM_CONVERSION = YES;
				CLANG_WARN_INFINITE_RECURSION = YES;
				CLANG_WARN_INT_CONVERSION = YES;
				CLANG_WARN_NON_LITERAL_NULL_CONVERSION = YES;
				CLANG_WARN_OBJC_IMPLICIT_RETAIN_SELF = YES;
				CLANG_WARN_OBJC_LITERAL_CONVERSION = YES;
				CLANG_WARN_OBJC_ROOT_CLASS = YES_ERROR;
				CLANG_WARN_RANGE_LOOP_ANALYSIS = YES;
				CLANG_WARN_STRICT_PROTOTYPES = YES;
				CLANG_WARN_SUSPICIOUS_MOVE = YES;
				CLANG_WARN_UNGUARDED_AVAILABILITY = YES_AGGRESSIVE;
				CLANG_WARN_UNREACHABLE_CODE = YES;
				CLANG_WARN__DUPLICATE_METHOD_MATCH = YES;
				COPY_PHASE_STRIP = NO;
				DEBUG_INFORMATION_FORMAT = dwarf;
				ENABLE_STRICT_OBJC_MSGSEND = YES;
				ENABLE_TESTABILITY = YES;
				GCC_C_LANGUAGE_STANDARD = gnu11;
				GCC_DYNAMIC_NO_PIC = NO;
				GCC_NO_COMMON_BLOCKS = YES;
				GCC_OPTIMIZATION_LEVEL = 0;
				GCC_PREPROCESSOR_DEFINITIONS = (
					"DEBUG=1",
					"$(inherited)",
				);
				GCC_WARN_64_TO_32_BIT_CONVERSION = YES;
				GCC_WARN_ABOUT_RETURN_TYPE = YES_ERROR;
				GCC_WARN_UNDECLARED_SELECTOR = YES;
				GCC_WARN_UNINITIALIZED_AUTOS = YES_AGGRESSIVE;
				GCC_WARN_UNUSED_FUNCTION = YES;
				GCC_WARN_UNUSED_VARIABLE = YES;
				IPHONEOS_DEPLOYMENT_TARGET = 8.0;
				MTL_ENABLE_DEBUG_INFO = INCLUDE_SOURCE;
				MTL_FAST_MATH = YES;
				ONLY_ACTIVE_ARCH = YES;
				SDKROOT = iphoneos;
			};
			name = Debug;
		};
		D09F36102462B5DB00459194 /* Release */ = {
			isa = XCBuildConfiguration;
			buildSettings = {
				ALWAYS_SEARCH_USER_PATHS = NO;
				CLANG_ANALYZER_NONNULL = YES;
				CLANG_ANALYZER_NUMBER_OBJECT_CONVERSION = YES_AGGRESSIVE;
				CLANG_CXX_LANGUAGE_STANDARD = "gnu++14";
				CLANG_CXX_LIBRARY = "libc++";
				CLANG_ENABLE_MODULES = YES;
				CLANG_ENABLE_OBJC_ARC = YES;
				CLANG_ENABLE_OBJC_WEAK = YES;
				CLANG_WARN_BLOCK_CAPTURE_AUTORELEASING = YES;
				CLANG_WARN_BOOL_CONVERSION = YES;
				CLANG_WARN_COMMA = YES;
				CLANG_WARN_CONSTANT_CONVERSION = YES;
				CLANG_WARN_DEPRECATED_OBJC_IMPLEMENTATIONS = YES;
				CLANG_WARN_DIRECT_OBJC_ISA_USAGE = YES_ERROR;
				CLANG_WARN_DOCUMENTATION_COMMENTS = YES;
				CLANG_WARN_EMPTY_BODY = YES;
				CLANG_WARN_ENUM_CONVERSION = YES;
				CLANG_WARN_INFINITE_RECURSION = YES;
				CLANG_WARN_INT_CONVERSION = YES;
				CLANG_WARN_NON_LITERAL_NULL_CONVERSION = YES;
				CLANG_WARN_OBJC_IMPLICIT_RETAIN_SELF = YES;
				CLANG_WARN_OBJC_LITERAL_CONVERSION = YES;
				CLANG_WARN_OBJC_ROOT_CLASS = YES_ERROR;
				CLANG_WARN_RANGE_LOOP_ANALYSIS = YES;
				CLANG_WARN_STRICT_PROTOTYPES = YES;
				CLANG_WARN_SUSPICIOUS_MOVE = YES;
				CLANG_WARN_UNGUARDED_AVAILABILITY = YES_AGGRESSIVE;
				CLANG_WARN_UNREACHABLE_CODE = YES;
				CLANG_WARN__DUPLICATE_METHOD_MATCH = YES;
				COPY_PHASE_STRIP = NO;
				DEBUG_INFORMATION_FORMAT = "dwarf-with-dsym";
				ENABLE_NS_ASSERTIONS = NO;
				ENABLE_STRICT_OBJC_MSGSEND = YES;
				GCC_C_LANGUAGE_STANDARD = gnu11;
				GCC_NO_COMMON_BLOCKS = YES;
				GCC_WARN_64_TO_32_BIT_CONVERSION = YES;
				GCC_WARN_ABOUT_RETURN_TYPE = YES_ERROR;
				GCC_WARN_UNDECLARED_SELECTOR = YES;
				GCC_WARN_UNINITIALIZED_AUTOS = YES_AGGRESSIVE;
				GCC_WARN_UNUSED_FUNCTION = YES;
				GCC_WARN_UNUSED_VARIABLE = YES;
				IPHONEOS_DEPLOYMENT_TARGET = 8.0;
				MTL_ENABLE_DEBUG_INFO = NO;
				MTL_FAST_MATH = YES;
				SDKROOT = iphoneos;
				VALIDATE_PRODUCT = YES;
			};
			name = Release;
		};
		D09F36122462B5DB00459194 /* Debug */ = {
			isa = XCBuildConfiguration;
			baseConfigurationReference = 82C6ABE9798951018EB18ED9 /* Pods-BDD.debug.xcconfig */;
			buildSettings = {
				ASSETCATALOG_COMPILER_APPICON_NAME = AppIcon;
				CODE_SIGN_STYLE = Automatic;
				DEVELOPMENT_TEAM = "";
				GCC_PREFIX_HEADER = "$(SRCROOT)/BDD/PrefixHeader.pch";
				INFOPLIST_FILE = BDD/Info.plist;
				LD_RUNPATH_SEARCH_PATHS = (
					"$(inherited)",
					"@executable_path/Frameworks",
				);
				PRODUCT_BUNDLE_IDENTIFIER = com.baoduoduo.BDD;
				PRODUCT_NAME = "$(TARGET_NAME)";
				TARGETED_DEVICE_FAMILY = 1;
			};
			name = Debug;
		};
		D09F36132462B5DB00459194 /* Release */ = {
			isa = XCBuildConfiguration;
			baseConfigurationReference = 0C08E82EDB2F37BFA92E1017 /* Pods-BDD.release.xcconfig */;
			buildSettings = {
				ASSETCATALOG_COMPILER_APPICON_NAME = AppIcon;
				CODE_SIGN_STYLE = Automatic;
				DEVELOPMENT_TEAM = "";
				GCC_PREFIX_HEADER = "$(SRCROOT)/BDD/PrefixHeader.pch";
				INFOPLIST_FILE = BDD/Info.plist;
				LD_RUNPATH_SEARCH_PATHS = (
					"$(inherited)",
					"@executable_path/Frameworks",
				);
				PRODUCT_BUNDLE_IDENTIFIER = com.baoduoduo.BDD;
				PRODUCT_NAME = "$(TARGET_NAME)";
				TARGETED_DEVICE_FAMILY = 1;
			};
			name = Release;
		};
		D09F36152462B5DB00459194 /* Debug */ = {
			isa = XCBuildConfiguration;
			buildSettings = {
				BUNDLE_LOADER = "$(TEST_HOST)";
				CODE_SIGN_STYLE = Automatic;
				INFOPLIST_FILE = BDDTests/Info.plist;
				IPHONEOS_DEPLOYMENT_TARGET = 13.0;
				LD_RUNPATH_SEARCH_PATHS = (
					"$(inherited)",
					"@executable_path/Frameworks",
					"@loader_path/Frameworks",
				);
				PRODUCT_BUNDLE_IDENTIFIER = com.baoduoduo.BDDTests;
				PRODUCT_NAME = "$(TARGET_NAME)";
				TARGETED_DEVICE_FAMILY = "1,2";
				TEST_HOST = "$(BUILT_PRODUCTS_DIR)/BDD.app/BDD";
			};
			name = Debug;
		};
		D09F36162462B5DB00459194 /* Release */ = {
			isa = XCBuildConfiguration;
			buildSettings = {
				BUNDLE_LOADER = "$(TEST_HOST)";
				CODE_SIGN_STYLE = Automatic;
				INFOPLIST_FILE = BDDTests/Info.plist;
				IPHONEOS_DEPLOYMENT_TARGET = 13.0;
				LD_RUNPATH_SEARCH_PATHS = (
					"$(inherited)",
					"@executable_path/Frameworks",
					"@loader_path/Frameworks",
				);
				PRODUCT_BUNDLE_IDENTIFIER = com.baoduoduo.BDDTests;
				PRODUCT_NAME = "$(TARGET_NAME)";
				TARGETED_DEVICE_FAMILY = "1,2";
				TEST_HOST = "$(BUILT_PRODUCTS_DIR)/BDD.app/BDD";
			};
			name = Release;
		};
		D09F36182462B5DB00459194 /* Debug */ = {
			isa = XCBuildConfiguration;
			buildSettings = {
				CODE_SIGN_STYLE = Automatic;
				INFOPLIST_FILE = BDDUITests/Info.plist;
				LD_RUNPATH_SEARCH_PATHS = (
					"$(inherited)",
					"@executable_path/Frameworks",
					"@loader_path/Frameworks",
				);
				PRODUCT_BUNDLE_IDENTIFIER = com.baoduoduo.BDDUITests;
				PRODUCT_NAME = "$(TARGET_NAME)";
				TARGETED_DEVICE_FAMILY = "1,2";
				TEST_TARGET_NAME = BDD;
			};
			name = Debug;
		};
		D09F36192462B5DB00459194 /* Release */ = {
			isa = XCBuildConfiguration;
			buildSettings = {
				CODE_SIGN_STYLE = Automatic;
				INFOPLIST_FILE = BDDUITests/Info.plist;
				LD_RUNPATH_SEARCH_PATHS = (
					"$(inherited)",
					"@executable_path/Frameworks",
					"@loader_path/Frameworks",
				);
				PRODUCT_BUNDLE_IDENTIFIER = com.baoduoduo.BDDUITests;
				PRODUCT_NAME = "$(TARGET_NAME)";
				TARGETED_DEVICE_FAMILY = "1,2";
				TEST_TARGET_NAME = BDD;
			};
			name = Release;
		};
/* End XCBuildConfiguration section */

/* Begin XCConfigurationList section */
		D09F35DD2462B5DA00459194 /* Build configuration list for PBXProject "BDD" */ = {
			isa = XCConfigurationList;
			buildConfigurations = (
				D09F360F2462B5DB00459194 /* Debug */,
				D09F36102462B5DB00459194 /* Release */,
			);
			defaultConfigurationIsVisible = 0;
			defaultConfigurationName = Release;
		};
		D09F36112462B5DB00459194 /* Build configuration list for PBXNativeTarget "BDD" */ = {
			isa = XCConfigurationList;
			buildConfigurations = (
				D09F36122462B5DB00459194 /* Debug */,
				D09F36132462B5DB00459194 /* Release */,
			);
			defaultConfigurationIsVisible = 0;
			defaultConfigurationName = Release;
		};
		D09F36142462B5DB00459194 /* Build configuration list for PBXNativeTarget "BDDTests" */ = {
			isa = XCConfigurationList;
			buildConfigurations = (
				D09F36152462B5DB00459194 /* Debug */,
				D09F36162462B5DB00459194 /* Release */,
			);
			defaultConfigurationIsVisible = 0;
			defaultConfigurationName = Release;
		};
		D09F36172462B5DB00459194 /* Build configuration list for PBXNativeTarget "BDDUITests" */ = {
			isa = XCConfigurationList;
			buildConfigurations = (
				D09F36182462B5DB00459194 /* Debug */,
				D09F36192462B5DB00459194 /* Release */,
			);
			defaultConfigurationIsVisible = 0;
			defaultConfigurationName = Release;
		};
/* End XCConfigurationList section */
	};
	rootObject = D09F35DA2462B5DA00459194 /* Project object */;
}
